// !$*UTF8*$!
{
	archiveVersion = 1;
	classes = {
	};
	objectVersion = 55;
	objects = {

/* Begin PBXBuildFile section */
		5E06439827CC8303005EC0E4 /* zalloc.h in Headers */ = {isa = PBXBuildFile; fileRef = 5E06439627CC8303005EC0E4 /* zalloc.h */; };
		5E06439927CC8303005EC0E4 /* zalloc.c in Sources */ = {isa = PBXBuildFile; fileRef = 5E06439727CC8303005EC0E4 /* zalloc.c */; };
		5E13849827C8066A001164F1 /* cp.h in Headers */ = {isa = PBXBuildFile; fileRef = 5E13849627C80669001164F1 /* cp.h */; };
		5E13849927C8066A001164F1 /* cp.c in Sources */ = {isa = PBXBuildFile; fileRef = 5E13849727C8066A001164F1 /* cp.c */; };
		5E2DA73F27C8E8E800C8D041 /* kmem_msdosfs_img.dmg in CopyFiles */ = {isa = PBXBuildFile; fileRef = 84F7BB58276DC6E500138492 /* kmem_msdosfs_img.dmg */; };
		5E381E8827C987CB00AD803B /* thread.h in Headers */ = {isa = PBXBuildFile; fileRef = 5E381E8627C987CB00AD803B /* thread.h */; };
		5E381E8927C987CB00AD803B /* thread.c in Sources */ = {isa = PBXBuildFile; fileRef = 5E381E8727C987CB00AD803B /* thread.c */; };
		8403C45B27BCDC65003FAFE8 /* large_mem.h in Headers */ = {isa = PBXBuildFile; fileRef = 8403C45927BCDC65003FAFE8 /* large_mem.h */; };
		8403C45C27BCDC65003FAFE8 /* large_mem.c in Sources */ = {isa = PBXBuildFile; fileRef = 8403C45A27BCDC65003FAFE8 /* large_mem.c */; };
		8403CCBD27BD875400A62155 /* kfunc.h in Headers */ = {isa = PBXBuildFile; fileRef = 8403CCBB27BD875400A62155 /* kfunc.h */; };
		8403CCBE27BD875400A62155 /* kfunc.c in Sources */ = {isa = PBXBuildFile; fileRef = 8403CCBC27BD875400A62155 /* kfunc.c */; };
		842A425D2780618500CB560F /* kernel.c in Sources */ = {isa = PBXBuildFile; fileRef = 842A425C2780618500CB560F /* kernel.c */; };
		84374D6127817CE900E2E187 /* kext.c in Sources */ = {isa = PBXBuildFile; fileRef = 84374D6027817B5200E2E187 /* kext.c */; };
		8466F398276DCA9B004F651E /* os_dictionary.c in Sources */ = {isa = PBXBuildFile; fileRef = 84F7BB46276DC6E500138492 /* os_dictionary.c */; };
		8466F399276DCAC5004F651E /* os_array.c in Sources */ = {isa = PBXBuildFile; fileRef = 84F7BB4A276DC6E500138492 /* os_array.c */; };
		8466F39A276DCAC5004F651E /* io_surface.c in Sources */ = {isa = PBXBuildFile; fileRef = 84F7BB4E276DC6E500138492 /* io_surface.c */; };
		8466F39B276DCAC5004F651E /* os_string.c in Sources */ = {isa = PBXBuildFile; fileRef = 84F7BB48276DC6E500138492 /* os_string.c */; };
		8466F39C276DCAC5004F651E /* io_registry_entry.c in Sources */ = {isa = PBXBuildFile; fileRef = 84F7BB4C276DC6E500138492 /* io_registry_entry.c */; };
		8466F39D276DCAD3004F651E /* iosurface.c in Sources */ = {isa = PBXBuildFile; fileRef = 84F7BB5B276DC6E500138492 /* iosurface.c */; };
		8466F39E276DCAD3004F651E /* msdosfs.c in Sources */ = {isa = PBXBuildFile; fileRef = 84F7BB56276DC6E500138492 /* msdosfs.c */; };
		8466F39F276DCAD3004F651E /* pipe.c in Sources */ = {isa = PBXBuildFile; fileRef = 84F7BB5F276DC6E500138492 /* pipe.c */; };
		8466F3A0276DCAE2004F651E /* kmem_msdosfs.c in Sources */ = {isa = PBXBuildFile; fileRef = 84F7BB7C276DC6E500138492 /* kmem_msdosfs.c */; };
		8466F3A1276DCAE2004F651E /* kmem_remote.c in Sources */ = {isa = PBXBuildFile; fileRef = 84F7BB80276DC6E500138492 /* kmem_remote.c */; };
		8466F3A4276DCAE2004F651E /* kmem.c in Sources */ = {isa = PBXBuildFile; fileRef = 84F7BB79276DC6E500138492 /* kmem.c */; };
		8466F3A8276DCAED004F651E /* proc.c in Sources */ = {isa = PBXBuildFile; fileRef = 84F7BB51276DC6E500138492 /* proc.c */; };
		8466F3A9276DCAF2004F651E /* hdiutil.c in Sources */ = {isa = PBXBuildFile; fileRef = 84F7BB76276DC6E500138492 /* hdiutil.c */; };
		8466F3AA276DCAFE004F651E /* binary.c in Sources */ = {isa = PBXBuildFile; fileRef = 84F7BB63276DC6E500138492 /* binary.c */; };
		8466F3AB276DCAFE004F651E /* lck_rw.c in Sources */ = {isa = PBXBuildFile; fileRef = 84F7BB69276DC6E500138492 /* lck_rw.c */; };
		8466F3AC276DCAFE004F651E /* pacda.c in Sources */ = {isa = PBXBuildFile; fileRef = 84F7BB6B276DC6E500138492 /* pacda.c */; };
		8466F3AD276DCAFE004F651E /* kalloc_heap.c in Sources */ = {isa = PBXBuildFile; fileRef = 84F7BB6F276DC6E500138492 /* kalloc_heap.c */; };
		8466F3AF276DCAFE004F651E /* dispatch.c in Sources */ = {isa = PBXBuildFile; fileRef = 84F7BB67276DC6E500138492 /* dispatch.c */; };
		8466F3BC276DCBAF004F651E /* libxib.dylib in Frameworks */ = {isa = PBXBuildFile; fileRef = 8466F3BB276DCBAF004F651E /* libxib.dylib */; };
		8466F3BE276DCBB4004F651E /* libgym_client.dylib in Frameworks */ = {isa = PBXBuildFile; fileRef = 8466F3BD276DCBB4004F651E /* libgym_client.dylib */; };
		8466F3C0276DCBB7004F651E /* libctf.dylib in Frameworks */ = {isa = PBXBuildFile; fileRef = 8466F3BF276DCBB7004F651E /* libctf.dylib */; };
		8466F3C2276DCBBA004F651E /* libdwarf.dylib in Frameworks */ = {isa = PBXBuildFile; fileRef = 8466F3C1276DCBBA004F651E /* libdwarf.dylib */; };
/* End PBXBuildFile section */

/* Begin PBXCopyFilesBuildPhase section */
		5E2DA73E27C8E89600C8D041 /* CopyFiles */ = {
			isa = PBXCopyFilesBuildPhase;
			buildActionMask = 2147483647;
			dstPath = Resources/libxe/memory;
			dstSubfolderSpec = 16;
			files = (
				5E2DA73F27C8E8E800C8D041 /* kmem_msdosfs_img.dmg in CopyFiles */,
			);
			runOnlyForDeploymentPostprocessing = 0;
		};
/* End PBXCopyFilesBuildPhase section */

/* Begin PBXFileReference section */
		5E06439627CC8303005EC0E4 /* zalloc.h */ = {isa = PBXFileReference; lastKnownFileType = sourcecode.c.h; path = zalloc.h; sourceTree = "<group>"; };
		5E06439727CC8303005EC0E4 /* zalloc.c */ = {isa = PBXFileReference; lastKnownFileType = sourcecode.c.c; path = zalloc.c; sourceTree = "<group>"; };
		5E13849627C80669001164F1 /* cp.h */ = {isa = PBXFileReference; lastKnownFileType = sourcecode.c.h; path = cp.h; sourceTree = "<group>"; };
		5E13849727C8066A001164F1 /* cp.c */ = {isa = PBXFileReference; lastKnownFileType = sourcecode.c.c; path = cp.c; sourceTree = "<group>"; };
		5E32F12E27C828490014FA80 /* kmem_internal.h */ = {isa = PBXFileReference; lastKnownFileType = sourcecode.c.h; path = kmem_internal.h; sourceTree = "<group>"; };
		5E381E8627C987CB00AD803B /* thread.h */ = {isa = PBXFileReference; lastKnownFileType = sourcecode.c.h; path = thread.h; sourceTree = "<group>"; };
		5E381E8727C987CB00AD803B /* thread.c */ = {isa = PBXFileReference; lastKnownFileType = sourcecode.c.c; path = thread.c; sourceTree = "<group>"; };
		8403C45927BCDC65003FAFE8 /* large_mem.h */ = {isa = PBXFileReference; lastKnownFileType = sourcecode.c.h; path = large_mem.h; sourceTree = "<group>"; };
		8403C45A27BCDC65003FAFE8 /* large_mem.c */ = {isa = PBXFileReference; lastKnownFileType = sourcecode.c.c; path = large_mem.c; sourceTree = "<group>"; };
		8403CCBB27BD875400A62155 /* kfunc.h */ = {isa = PBXFileReference; lastKnownFileType = sourcecode.c.h; path = kfunc.h; sourceTree = "<group>"; };
		8403CCBC27BD875400A62155 /* kfunc.c */ = {isa = PBXFileReference; lastKnownFileType = sourcecode.c.c; path = kfunc.c; sourceTree = "<group>"; };
		840F13482781CBB300827BAE /* assert.h */ = {isa = PBXFileReference; lastKnownFileType = sourcecode.c.h; path = assert.h; sourceTree = "<group>"; };
		842A425C2780618500CB560F /* kernel.c */ = {isa = PBXFileReference; lastKnownFileType = sourcecode.c.c; path = kernel.c; sourceTree = "<group>"; };
		84374D5F27817B5200E2E187 /* kext.h */ = {isa = PBXFileReference; lastKnownFileType = sourcecode.c.h; path = kext.h; sourceTree = "<group>"; };
		84374D6027817B5200E2E187 /* kext.c */ = {isa = PBXFileReference; lastKnownFileType = sourcecode.c.c; path = kext.c; sourceTree = "<group>"; };
		8443C05C277B474700FBC453 /* log.h */ = {isa = PBXFileReference; lastKnownFileType = sourcecode.c.h; path = log.h; sourceTree = "<group>"; };
		8466F3BB276DCBAF004F651E /* libxib.dylib */ = {isa = PBXFileReference; lastKnownFileType = "compiled.mach-o.dylib"; name = libxib.dylib; path = ../../../../../usr/local/lib/libxib.dylib; sourceTree = "<group>"; };
		8466F3BD276DCBB4004F651E /* libgym_client.dylib */ = {isa = PBXFileReference; lastKnownFileType = "compiled.mach-o.dylib"; name = libgym_client.dylib; path = ../../../../../usr/local/lib/libgym_client.dylib; sourceTree = "<group>"; };
		8466F3BF276DCBB7004F651E /* libctf.dylib */ = {isa = PBXFileReference; lastKnownFileType = "compiled.mach-o.dylib"; name = libctf.dylib; path = ../../../../../usr/local/lib/libctf.dylib; sourceTree = "<group>"; };
		8466F3C1276DCBBA004F651E /* libdwarf.dylib */ = {isa = PBXFileReference; lastKnownFileType = "compiled.mach-o.dylib"; name = libdwarf.dylib; path = ../../../../../usr/local/lib/libdwarf.dylib; sourceTree = "<group>"; };
		84F7BB38276DC6C000138492 /* libxe.a */ = {isa = PBXFileReference; explicitFileType = archive.ar; includeInIndex = 0; path = libxe.a; sourceTree = BUILT_PRODUCTS_DIR; };
		84F7BB45276DC6E500138492 /* os_dictionary.h */ = {isa = PBXFileReference; lastKnownFileType = sourcecode.c.h; path = os_dictionary.h; sourceTree = "<group>"; };
		84F7BB46276DC6E500138492 /* os_dictionary.c */ = {isa = PBXFileReference; lastKnownFileType = sourcecode.c.c; path = os_dictionary.c; sourceTree = "<group>"; };
		84F7BB47276DC6E500138492 /* os_string.h */ = {isa = PBXFileReference; lastKnownFileType = sourcecode.c.h; path = os_string.h; sourceTree = "<group>"; };
		84F7BB48276DC6E500138492 /* os_string.c */ = {isa = PBXFileReference; lastKnownFileType = sourcecode.c.c; path = os_string.c; sourceTree = "<group>"; };
		84F7BB49276DC6E500138492 /* os_array.h */ = {isa = PBXFileReference; lastKnownFileType = sourcecode.c.h; path = os_array.h; sourceTree = "<group>"; };
		84F7BB4A276DC6E500138492 /* os_array.c */ = {isa = PBXFileReference; lastKnownFileType = sourcecode.c.c; path = os_array.c; sourceTree = "<group>"; };
		84F7BB4B276DC6E500138492 /* io_registry_entry.h */ = {isa = PBXFileReference; lastKnownFileType = sourcecode.c.h; path = io_registry_entry.h; sourceTree = "<group>"; };
		84F7BB4C276DC6E500138492 /* io_registry_entry.c */ = {isa = PBXFileReference; lastKnownFileType = sourcecode.c.c; path = io_registry_entry.c; sourceTree = "<group>"; };
		84F7BB4D276DC6E500138492 /* io_surface.h */ = {isa = PBXFileReference; lastKnownFileType = sourcecode.c.h; path = io_surface.h; sourceTree = "<group>"; };
		84F7BB4E276DC6E500138492 /* io_surface.c */ = {isa = PBXFileReference; lastKnownFileType = sourcecode.c.c; path = io_surface.c; sourceTree = "<group>"; };
		84F7BB50276DC6E500138492 /* proc.h */ = {isa = PBXFileReference; lastKnownFileType = sourcecode.c.h; path = proc.h; sourceTree = "<group>"; };
		84F7BB51276DC6E500138492 /* proc.c */ = {isa = PBXFileReference; lastKnownFileType = sourcecode.c.c; path = proc.c; sourceTree = "<group>"; };
		84F7BB53276DC6E500138492 /* kernel.h */ = {isa = PBXFileReference; lastKnownFileType = sourcecode.c.h; path = kernel.h; sourceTree = "<group>"; };
		84F7BB56276DC6E500138492 /* msdosfs.c */ = {isa = PBXFileReference; fileEncoding = 4; lastKnownFileType = sourcecode.c.c; path = msdosfs.c; sourceTree = "<group>"; };
		84F7BB57276DC6E500138492 /* msdosfs.h */ = {isa = PBXFileReference; fileEncoding = 4; lastKnownFileType = sourcecode.c.h; path = msdosfs.h; sourceTree = "<group>"; };
		84F7BB58276DC6E500138492 /* kmem_msdosfs_img.dmg */ = {isa = PBXFileReference; lastKnownFileType = file; path = kmem_msdosfs_img.dmg; sourceTree = "<group>"; };
		84F7BB59276DC6E500138492 /* msdosfs.h */ = {isa = PBXFileReference; lastKnownFileType = sourcecode.c.h; path = msdosfs.h; sourceTree = "<group>"; };
		84F7BB5B276DC6E500138492 /* iosurface.c */ = {isa = PBXFileReference; fileEncoding = 4; lastKnownFileType = sourcecode.c.c; path = iosurface.c; sourceTree = "<group>"; };
		84F7BB5C276DC6E500138492 /* iosurface.h */ = {isa = PBXFileReference; fileEncoding = 4; lastKnownFileType = sourcecode.c.h; path = iosurface.h; sourceTree = "<group>"; };
		84F7BB5E276DC6E500138492 /* pipe.h */ = {isa = PBXFileReference; lastKnownFileType = sourcecode.c.h; path = pipe.h; sourceTree = "<group>"; };
		84F7BB5F276DC6E500138492 /* pipe.c */ = {isa = PBXFileReference; lastKnownFileType = sourcecode.c.c; path = pipe.c; sourceTree = "<group>"; };
		84F7BB62276DC6E500138492 /* binary.h */ = {isa = PBXFileReference; lastKnownFileType = sourcecode.c.h; path = binary.h; sourceTree = "<group>"; };
		84F7BB63276DC6E500138492 /* binary.c */ = {isa = PBXFileReference; lastKnownFileType = sourcecode.c.c; path = binary.c; sourceTree = "<group>"; };
		84F7BB64276DC6E500138492 /* ptrauth.h */ = {isa = PBXFileReference; lastKnownFileType = sourcecode.c.h; path = ptrauth.h; sourceTree = "<group>"; };
		84F7BB65276DC6E500138492 /* misc.h */ = {isa = PBXFileReference; lastKnownFileType = sourcecode.c.h; path = misc.h; sourceTree = "<group>"; };
		84F7BB66276DC6E500138492 /* dispatch.h */ = {isa = PBXFileReference; lastKnownFileType = sourcecode.c.h; path = dispatch.h; sourceTree = "<group>"; };
		84F7BB67276DC6E500138492 /* dispatch.c */ = {isa = PBXFileReference; lastKnownFileType = sourcecode.c.c; path = dispatch.c; sourceTree = "<group>"; };
		84F7BB68276DC6E500138492 /* lck_rw.h */ = {isa = PBXFileReference; lastKnownFileType = sourcecode.c.h; path = lck_rw.h; sourceTree = "<group>"; };
		84F7BB69276DC6E500138492 /* lck_rw.c */ = {isa = PBXFileReference; lastKnownFileType = sourcecode.c.c; path = lck_rw.c; sourceTree = "<group>"; };
		84F7BB6A276DC6E500138492 /* pacda.h */ = {isa = PBXFileReference; lastKnownFileType = sourcecode.c.h; path = pacda.h; sourceTree = "<group>"; };
		84F7BB6B276DC6E500138492 /* pacda.c */ = {isa = PBXFileReference; lastKnownFileType = sourcecode.c.c; path = pacda.c; sourceTree = "<group>"; };
		84F7BB6E276DC6E500138492 /* kalloc_heap.h */ = {isa = PBXFileReference; lastKnownFileType = sourcecode.c.h; path = kalloc_heap.h; sourceTree = "<group>"; };
		84F7BB6F276DC6E500138492 /* kalloc_heap.c */ = {isa = PBXFileReference; lastKnownFileType = sourcecode.c.c; path = kalloc_heap.c; sourceTree = "<group>"; };
		84F7BB75276DC6E500138492 /* hdiutil.h */ = {isa = PBXFileReference; lastKnownFileType = sourcecode.c.h; path = hdiutil.h; sourceTree = "<group>"; };
		84F7BB76276DC6E500138492 /* hdiutil.c */ = {isa = PBXFileReference; lastKnownFileType = sourcecode.c.c; path = hdiutil.c; sourceTree = "<group>"; };
		84F7BB78276DC6E500138492 /* kmem.h */ = {isa = PBXFileReference; lastKnownFileType = sourcecode.c.h; path = kmem.h; sourceTree = "<group>"; };
		84F7BB79276DC6E500138492 /* kmem.c */ = {isa = PBXFileReference; lastKnownFileType = sourcecode.c.c; path = kmem.c; sourceTree = "<group>"; };
		84F7BB7C276DC6E500138492 /* kmem_msdosfs.c */ = {isa = PBXFileReference; lastKnownFileType = sourcecode.c.c; path = kmem_msdosfs.c; sourceTree = "<group>"; };
		84F7BB7D276DC6E500138492 /* kmem_msdosfs.h */ = {isa = PBXFileReference; lastKnownFileType = sourcecode.c.h; path = kmem_msdosfs.h; sourceTree = "<group>"; };
		84F7BB80276DC6E500138492 /* kmem_remote.c */ = {isa = PBXFileReference; lastKnownFileType = sourcecode.c.c; path = kmem_remote.c; sourceTree = "<group>"; };
		84F7BB81276DC6E500138492 /* kmem_remote.h */ = {isa = PBXFileReference; lastKnownFileType = sourcecode.c.h; path = kmem_remote.h; sourceTree = "<group>"; };
/* End PBXFileReference section */

/* Begin PBXFrameworksBuildPhase section */
		84F7BB36276DC6C000138492 /* Frameworks */ = {
			isa = PBXFrameworksBuildPhase;
			buildActionMask = 2147483647;
			files = (
				8466F3BC276DCBAF004F651E /* libxib.dylib in Frameworks */,
				8466F3BE276DCBB4004F651E /* libgym_client.dylib in Frameworks */,
				8466F3C0276DCBB7004F651E /* libctf.dylib in Frameworks */,
				8466F3C2276DCBBA004F651E /* libdwarf.dylib in Frameworks */,
			);
			runOnlyForDeploymentPostprocessing = 0;
		};
/* End PBXFrameworksBuildPhase section */

/* Begin PBXGroup section */
		8401B832278DEF7B000729B5 /* public */ = {
			isa = PBXGroup;
			children = (
				8401B833278DEF87000729B5 /* xe */,
			);
			path = public;
			sourceTree = "<group>";
		};
		8401B833278DEF87000729B5 /* xe */ = {
			isa = PBXGroup;
			children = (
				8405D066278E048D0032FD1F /* util */,
				8405D065278E03F60032FD1F /* cmd */,
				8405D064278E03DF0032FD1F /* xnu */,
				8405D063278E03450032FD1F /* slider */,
				8405D062278E02F90032FD1F /* memory */,
				8405D061278E023B0032FD1F /* allocator */,
				8401B834278DEFC4000729B5 /* iokit */,
			);
			path = xe;
			sourceTree = "<group>";
		};
		8401B834278DEFC4000729B5 /* iokit */ = {
			isa = PBXGroup;
			children = (
				84F7BB45276DC6E500138492 /* os_dictionary.h */,
				84F7BB47276DC6E500138492 /* os_string.h */,
				84F7BB49276DC6E500138492 /* os_array.h */,
				84F7BB4B276DC6E500138492 /* io_registry_entry.h */,
				84F7BB4D276DC6E500138492 /* io_surface.h */,
			);
			path = iokit;
			sourceTree = "<group>";
		};
		8405D061278E023B0032FD1F /* allocator */ = {
			isa = PBXGroup;
			children = (
				84F7BB5C276DC6E500138492 /* iosurface.h */,
				84F7BB5E276DC6E500138492 /* pipe.h */,
				8403C45927BCDC65003FAFE8 /* large_mem.h */,
			);
			path = allocator;
			sourceTree = "<group>";
		};
		8405D062278E02F90032FD1F /* memory */ = {
			isa = PBXGroup;
			children = (
				84F7BB78276DC6E500138492 /* kmem.h */,
				5E32F12E27C828490014FA80 /* kmem_internal.h */,
				84F7BB7D276DC6E500138492 /* kmem_msdosfs.h */,
				84F7BB81276DC6E500138492 /* kmem_remote.h */,
			);
			path = memory;
			sourceTree = "<group>";
		};
		8405D063278E03450032FD1F /* slider */ = {
			isa = PBXGroup;
			children = (
				84F7BB53276DC6E500138492 /* kernel.h */,
				84374D5F27817B5200E2E187 /* kext.h */,
			);
			path = slider;
			sourceTree = "<group>";
		};
		8405D064278E03DF0032FD1F /* xnu */ = {
			isa = PBXGroup;
			children = (
				5E381E8627C987CB00AD803B /* thread.h */,
				84F7BB50276DC6E500138492 /* proc.h */,
			);
			path = xnu;
			sourceTree = "<group>";
		};
		8405D065278E03F60032FD1F /* cmd */ = {
			isa = PBXGroup;
			children = (
				84F7BB75276DC6E500138492 /* hdiutil.h */,
			);
			path = cmd;
			sourceTree = "<group>";
		};
		8405D066278E048D0032FD1F /* util */ = {
			isa = PBXGroup;
			children = (
				84F7BB62276DC6E500138492 /* binary.h */,
				84F7BB64276DC6E500138492 /* ptrauth.h */,
				84F7BB65276DC6E500138492 /* misc.h */,
				84F7BB66276DC6E500138492 /* dispatch.h */,
				84F7BB68276DC6E500138492 /* lck_rw.h */,
				84F7BB6A276DC6E500138492 /* pacda.h */,
				84F7BB6E276DC6E500138492 /* kalloc_heap.h */,
				8403CCBB27BD875400A62155 /* kfunc.h */,
				8443C05C277B474700FBC453 /* log.h */,
				840F13482781CBB300827BAE /* assert.h */,
				5E13849627C80669001164F1 /* cp.h */,
				84F7BB57276DC6E500138492 /* msdosfs.h */,
				5E06439627CC8303005EC0E4 /* zalloc.h */,
			);
			path = util;
			sourceTree = "<group>";
		};
		8405D067278E081D0032FD1F /* external */ = {
			isa = PBXGroup;
			children = (
				8405D068278E08250032FD1F /* msdosfs */,
			);
			path = external;
			sourceTree = "<group>";
		};
		8405D068278E08250032FD1F /* msdosfs */ = {
			isa = PBXGroup;
			children = (
				84F7BB59276DC6E500138492 /* msdosfs.h */,
			);
			path = msdosfs;
			sourceTree = "<group>";
		};
		8466F3BA276DCBAF004F651E /* Frameworks */ = {
			isa = PBXGroup;
			children = (
				8466F3C1276DCBBA004F651E /* libdwarf.dylib */,
				8466F3BF276DCBB7004F651E /* libctf.dylib */,
				8466F3BD276DCBB4004F651E /* libgym_client.dylib */,
				8466F3BB276DCBAF004F651E /* libxib.dylib */,
			);
			name = Frameworks;
			sourceTree = "<group>";
		};
		84F7BB2F276DC6C000138492 = {
			isa = PBXGroup;
			children = (
				8405D067278E081D0032FD1F /* external */,
				8401B832278DEF7B000729B5 /* public */,
				84F7BB4F276DC6E500138492 /* iokit */,
				84F7BB61276DC6E500138492 /* allocators */,
				84F7BB86276DC6E500138492 /* memory */,
				84F7BB55276DC6E500138492 /* slider */,
				84F7BB52276DC6E500138492 /* xnu */,
				84F7BB77276DC6E500138492 /* cmd */,
				84F7BB74276DC6E500138492 /* util */,
				84F7BB39276DC6C000138492 /* Products */,
				8466F3BA276DCBAF004F651E /* Frameworks */,
			);
			sourceTree = "<group>";
		};
		84F7BB39276DC6C000138492 /* Products */ = {
			isa = PBXGroup;
			children = (
				84F7BB38276DC6C000138492 /* libxe.a */,
			);
			name = Products;
			sourceTree = "<group>";
		};
		84F7BB4F276DC6E500138492 /* iokit */ = {
			isa = PBXGroup;
			children = (
				84F7BB46276DC6E500138492 /* os_dictionary.c */,
				84F7BB48276DC6E500138492 /* os_string.c */,
				84F7BB4A276DC6E500138492 /* os_array.c */,
				84F7BB4C276DC6E500138492 /* io_registry_entry.c */,
				84F7BB4E276DC6E500138492 /* io_surface.c */,
			);
			path = iokit;
			sourceTree = "<group>";
		};
		84F7BB52276DC6E500138492 /* xnu */ = {
			isa = PBXGroup;
			children = (
				84F7BB51276DC6E500138492 /* proc.c */,
				5E381E8727C987CB00AD803B /* thread.c */,
			);
			path = xnu;
			sourceTree = "<group>";
		};
		84F7BB55276DC6E500138492 /* slider */ = {
			isa = PBXGroup;
			children = (
				842A425C2780618500CB560F /* kernel.c */,
				84374D6027817B5200E2E187 /* kext.c */,
			);
			path = slider;
			sourceTree = "<group>";
		};
		84F7BB61276DC6E500138492 /* allocators */ = {
			isa = PBXGroup;
			children = (
				84F7BB5B276DC6E500138492 /* iosurface.c */,
				84F7BB5F276DC6E500138492 /* pipe.c */,
				8403C45A27BCDC65003FAFE8 /* large_mem.c */,
			);
			path = allocators;
			sourceTree = "<group>";
		};
		84F7BB74276DC6E500138492 /* util */ = {
			isa = PBXGroup;
			children = (
				84F7BB63276DC6E500138492 /* binary.c */,
				84F7BB67276DC6E500138492 /* dispatch.c */,
				84F7BB69276DC6E500138492 /* lck_rw.c */,
				84F7BB6B276DC6E500138492 /* pacda.c */,
				84F7BB6F276DC6E500138492 /* kalloc_heap.c */,
				8403CCBC27BD875400A62155 /* kfunc.c */,
				5E13849727C8066A001164F1 /* cp.c */,
				84F7BB56276DC6E500138492 /* msdosfs.c */,
				5E06439727CC8303005EC0E4 /* zalloc.c */,
			);
			path = util;
			sourceTree = "<group>";
		};
		84F7BB77276DC6E500138492 /* cmd */ = {
			isa = PBXGroup;
			children = (
				84F7BB76276DC6E500138492 /* hdiutil.c */,
			);
			path = cmd;
			sourceTree = "<group>";
		};
		84F7BB86276DC6E500138492 /* memory */ = {
			isa = PBXGroup;
			children = (
				84F7BB79276DC6E500138492 /* kmem.c */,
				84F7BB7C276DC6E500138492 /* kmem_msdosfs.c */,
				84F7BB58276DC6E500138492 /* kmem_msdosfs_img.dmg */,
				84F7BB80276DC6E500138492 /* kmem_remote.c */,
			);
			path = memory;
			sourceTree = "<group>";
		};
/* End PBXGroup section */

/* Begin PBXHeadersBuildPhase section */
		84F7BB34276DC6C000138492 /* Headers */ = {
			isa = PBXHeadersBuildPhase;
			buildActionMask = 2147483647;
			files = (
				5E06439827CC8303005EC0E4 /* zalloc.h in Headers */,
				8403CCBD27BD875400A62155 /* kfunc.h in Headers */,
				5E13849827C8066A001164F1 /* cp.h in Headers */,
				5E381E8827C987CB00AD803B /* thread.h in Headers */,
				8403C45B27BCDC65003FAFE8 /* large_mem.h in Headers */,
			);
			runOnlyForDeploymentPostprocessing = 0;
		};
/* End PBXHeadersBuildPhase section */

/* Begin PBXNativeTarget section */
		84F7BB37276DC6C000138492 /* libxe */ = {
			isa = PBXNativeTarget;
			buildConfigurationList = 84F7BB3C276DC6C000138492 /* Build configuration list for PBXNativeTarget "libxe" */;
			buildPhases = (
				84F7BB34276DC6C000138492 /* Headers */,
				84F7BB35276DC6C000138492 /* Sources */,
				84F7BB36276DC6C000138492 /* Frameworks */,
				5E2DA73E27C8E89600C8D041 /* CopyFiles */,
			);
			buildRules = (
			);
			dependencies = (
			);
			name = libxe;
			productName = libxe;
			productReference = 84F7BB38276DC6C000138492 /* libxe.a */;
			productType = "com.apple.product-type.library.static";
		};
/* End PBXNativeTarget section */

/* Begin PBXProject section */
		84F7BB30276DC6C000138492 /* Project object */ = {
			isa = PBXProject;
			attributes = {
				BuildIndependentTargetsInParallel = 1;
				LastUpgradeCheck = 1310;
				TargetAttributes = {
					84F7BB37276DC6C000138492 = {
						CreatedOnToolsVersion = 13.1;
					};
				};
			};
			buildConfigurationList = 84F7BB33276DC6C000138492 /* Build configuration list for PBXProject "libxe" */;
			compatibilityVersion = "Xcode 13.0";
			developmentRegion = en;
			hasScannedForEncodings = 0;
			knownRegions = (
				en,
				Base,
			);
			mainGroup = 84F7BB2F276DC6C000138492;
			productRefGroup = 84F7BB39276DC6C000138492 /* Products */;
			projectDirPath = "";
			projectRoot = "";
			targets = (
				84F7BB37276DC6C000138492 /* libxe */,
			);
		};
/* End PBXProject section */

/* Begin PBXSourcesBuildPhase section */
		84F7BB35276DC6C000138492 /* Sources */ = {
			isa = PBXSourcesBuildPhase;
			buildActionMask = 2147483647;
			files = (
				8403C45C27BCDC65003FAFE8 /* large_mem.c in Sources */,
				8466F3A4276DCAE2004F651E /* kmem.c in Sources */,
				8466F398276DCA9B004F651E /* os_dictionary.c in Sources */,
				8466F399276DCAC5004F651E /* os_array.c in Sources */,
				8466F39C276DCAC5004F651E /* io_registry_entry.c in Sources */,
				8466F3AC276DCAFE004F651E /* pacda.c in Sources */,
				8466F3A1276DCAE2004F651E /* kmem_remote.c in Sources */,
				8466F3AA276DCAFE004F651E /* binary.c in Sources */,
				8466F39D276DCAD3004F651E /* iosurface.c in Sources */,
				8466F3AB276DCAFE004F651E /* lck_rw.c in Sources */,
				5E13849927C8066A001164F1 /* cp.c in Sources */,
				842A425D2780618500CB560F /* kernel.c in Sources */,
				5E06439927CC8303005EC0E4 /* zalloc.c in Sources */,
				8466F39E276DCAD3004F651E /* msdosfs.c in Sources */,
				8466F39B276DCAC5004F651E /* os_string.c in Sources */,
				8403CCBE27BD875400A62155 /* kfunc.c in Sources */,
				8466F3AF276DCAFE004F651E /* dispatch.c in Sources */,
				8466F3A8276DCAED004F651E /* proc.c in Sources */,
				5E381E8927C987CB00AD803B /* thread.c in Sources */,
				84374D6127817CE900E2E187 /* kext.c in Sources */,
				8466F3A9276DCAF2004F651E /* hdiutil.c in Sources */,
				8466F39A276DCAC5004F651E /* io_surface.c in Sources */,
				8466F3A0276DCAE2004F651E /* kmem_msdosfs.c in Sources */,
				8466F39F276DCAD3004F651E /* pipe.c in Sources */,
				8466F3AD276DCAFE004F651E /* kalloc_heap.c in Sources */,
			);
			runOnlyForDeploymentPostprocessing = 0;
		};
/* End PBXSourcesBuildPhase section */

/* Begin XCBuildConfiguration section */
		84F7BB3A276DC6C000138492 /* Debug */ = {
			isa = XCBuildConfiguration;
			buildSettings = {
				ALWAYS_SEARCH_USER_PATHS = NO;
				CLANG_ANALYZER_NONNULL = YES;
				CLANG_ANALYZER_NUMBER_OBJECT_CONVERSION = YES_AGGRESSIVE;
				CLANG_CXX_LANGUAGE_STANDARD = "gnu++17";
				CLANG_CXX_LIBRARY = "libc++";
				CLANG_ENABLE_MODULES = YES;
				CLANG_ENABLE_OBJC_ARC = YES;
				CLANG_ENABLE_OBJC_WEAK = YES;
				CLANG_WARN_BLOCK_CAPTURE_AUTORELEASING = YES;
				CLANG_WARN_BOOL_CONVERSION = YES;
				CLANG_WARN_COMMA = YES;
				CLANG_WARN_CONSTANT_CONVERSION = YES;
				CLANG_WARN_DEPRECATED_OBJC_IMPLEMENTATIONS = YES;
				CLANG_WARN_DIRECT_OBJC_ISA_USAGE = YES_ERROR;
				CLANG_WARN_DOCUMENTATION_COMMENTS = YES;
				CLANG_WARN_EMPTY_BODY = YES;
				CLANG_WARN_ENUM_CONVERSION = YES;
				CLANG_WARN_INFINITE_RECURSION = YES;
				CLANG_WARN_INT_CONVERSION = YES;
				CLANG_WARN_NON_LITERAL_NULL_CONVERSION = YES;
				CLANG_WARN_OBJC_IMPLICIT_RETAIN_SELF = YES;
				CLANG_WARN_OBJC_LITERAL_CONVERSION = YES;
				CLANG_WARN_OBJC_ROOT_CLASS = YES_ERROR;
				CLANG_WARN_QUOTED_INCLUDE_IN_FRAMEWORK_HEADER = YES;
				CLANG_WARN_RANGE_LOOP_ANALYSIS = YES;
				CLANG_WARN_STRICT_PROTOTYPES = YES;
				CLANG_WARN_SUSPICIOUS_MOVE = YES;
				CLANG_WARN_UNGUARDED_AVAILABILITY = YES_AGGRESSIVE;
				CLANG_WARN_UNREACHABLE_CODE = YES;
				CLANG_WARN__DUPLICATE_METHOD_MATCH = YES;
				COPY_PHASE_STRIP = NO;
				DEBUG_INFORMATION_FORMAT = dwarf;
				ENABLE_STRICT_OBJC_MSGSEND = YES;
				ENABLE_TESTABILITY = YES;
				GCC_C_LANGUAGE_STANDARD = gnu11;
				GCC_DYNAMIC_NO_PIC = NO;
				GCC_NO_COMMON_BLOCKS = YES;
				GCC_OPTIMIZATION_LEVEL = 0;
				GCC_PREPROCESSOR_DEFINITIONS = (
					"DEBUG=1",
					"$(inherited)",
				);
				GCC_WARN_64_TO_32_BIT_CONVERSION = YES;
				GCC_WARN_ABOUT_RETURN_TYPE = YES_ERROR;
				GCC_WARN_UNDECLARED_SELECTOR = YES;
				GCC_WARN_UNINITIALIZED_AUTOS = YES_AGGRESSIVE;
				GCC_WARN_UNUSED_FUNCTION = YES;
				GCC_WARN_UNUSED_VARIABLE = YES;
				MACOSX_DEPLOYMENT_TARGET = 12.0;
				MTL_ENABLE_DEBUG_INFO = INCLUDE_SOURCE;
				MTL_FAST_MATH = YES;
				ONLY_ACTIVE_ARCH = YES;
				SDKROOT = macosx;
			};
			name = Debug;
		};
		84F7BB3B276DC6C000138492 /* Release */ = {
			isa = XCBuildConfiguration;
			buildSettings = {
				ALWAYS_SEARCH_USER_PATHS = NO;
				CLANG_ANALYZER_NONNULL = YES;
				CLANG_ANALYZER_NUMBER_OBJECT_CONVERSION = YES_AGGRESSIVE;
				CLANG_CXX_LANGUAGE_STANDARD = "gnu++17";
				CLANG_CXX_LIBRARY = "libc++";
				CLANG_ENABLE_MODULES = YES;
				CLANG_ENABLE_OBJC_ARC = YES;
				CLANG_ENABLE_OBJC_WEAK = YES;
				CLANG_WARN_BLOCK_CAPTURE_AUTORELEASING = YES;
				CLANG_WARN_BOOL_CONVERSION = YES;
				CLANG_WARN_COMMA = YES;
				CLANG_WARN_CONSTANT_CONVERSION = YES;
				CLANG_WARN_DEPRECATED_OBJC_IMPLEMENTATIONS = YES;
				CLANG_WARN_DIRECT_OBJC_ISA_USAGE = YES_ERROR;
				CLANG_WARN_DOCUMENTATION_COMMENTS = YES;
				CLANG_WARN_EMPTY_BODY = YES;
				CLANG_WARN_ENUM_CONVERSION = YES;
				CLANG_WARN_INFINITE_RECURSION = YES;
				CLANG_WARN_INT_CONVERSION = YES;
				CLANG_WARN_NON_LITERAL_NULL_CONVERSION = YES;
				CLANG_WARN_OBJC_IMPLICIT_RETAIN_SELF = YES;
				CLANG_WARN_OBJC_LITERAL_CONVERSION = YES;
				CLANG_WARN_OBJC_ROOT_CLASS = YES_ERROR;
				CLANG_WARN_QUOTED_INCLUDE_IN_FRAMEWORK_HEADER = YES;
				CLANG_WARN_RANGE_LOOP_ANALYSIS = YES;
				CLANG_WARN_STRICT_PROTOTYPES = YES;
				CLANG_WARN_SUSPICIOUS_MOVE = YES;
				CLANG_WARN_UNGUARDED_AVAILABILITY = YES_AGGRESSIVE;
				CLANG_WARN_UNREACHABLE_CODE = YES;
				CLANG_WARN__DUPLICATE_METHOD_MATCH = YES;
				COPY_PHASE_STRIP = NO;
				DEBUG_INFORMATION_FORMAT = "dwarf-with-dsym";
				ENABLE_NS_ASSERTIONS = NO;
				ENABLE_STRICT_OBJC_MSGSEND = YES;
				GCC_C_LANGUAGE_STANDARD = gnu11;
				GCC_NO_COMMON_BLOCKS = YES;
				GCC_WARN_64_TO_32_BIT_CONVERSION = YES;
				GCC_WARN_ABOUT_RETURN_TYPE = YES_ERROR;
				GCC_WARN_UNDECLARED_SELECTOR = YES;
				GCC_WARN_UNINITIALIZED_AUTOS = YES_AGGRESSIVE;
				GCC_WARN_UNUSED_FUNCTION = YES;
				GCC_WARN_UNUSED_VARIABLE = YES;
				MACOSX_DEPLOYMENT_TARGET = 12.0;
				MTL_ENABLE_DEBUG_INFO = NO;
				MTL_FAST_MATH = YES;
				SDKROOT = macosx;
			};
			name = Release;
		};
		84F7BB3D276DC6C000138492 /* Debug */ = {
			isa = XCBuildConfiguration;
			buildSettings = {
				CODE_SIGN_STYLE = Automatic;
				EXCLUDED_RECURSIVE_SEARCH_PATH_SUBDIRECTORIES = "*.nib *.lproj *.framework *.gch *.xcode* *.xcassets (*) .DS_Store CVS .svn .git .hg *.pbproj *.pbxproj";
				EXECUTABLE_PREFIX = lib;
				HEADER_SEARCH_PATHS = (
					/usr/local/include,
					$SOURCE_ROOT/../macos,
					$SOURCE_ROOT/public/xe,
				);
				LIBRARY_SEARCH_PATHS = /usr/local/lib;
				MACH_O_TYPE = staticlib;
				PRODUCT_NAME = xe;
				SKIP_INSTALL = NO;
			};
			name = Debug;
		};
		84F7BB3E276DC6C000138492 /* Release */ = {
			isa = XCBuildConfiguration;
			buildSettings = {
				CODE_SIGN_STYLE = Automatic;
				EXCLUDED_RECURSIVE_SEARCH_PATH_SUBDIRECTORIES = "*.nib *.lproj *.framework *.gch *.xcode* *.xcassets (*) .DS_Store CVS .svn .git .hg *.pbproj *.pbxproj";
				EXECUTABLE_PREFIX = lib;
				HEADER_SEARCH_PATHS = (
					/usr/local/include,
					$SOURCE_ROOT/../macos,
					$SOURCE_ROOT/public/xe,
				);
				LIBRARY_SEARCH_PATHS = /usr/local/lib;
				MACH_O_TYPE = staticlib;
				PRODUCT_NAME = xe;
				SKIP_INSTALL = NO;
			};
			name = Release;
		};
/* End XCBuildConfiguration section */

/* Begin XCConfigurationList section */
		84F7BB33276DC6C000138492 /* Build configuration list for PBXProject "libxe" */ = {
			isa = XCConfigurationList;
			buildConfigurations = (
				84F7BB3A276DC6C000138492 /* Debug */,
				84F7BB3B276DC6C000138492 /* Release */,
			);
			defaultConfigurationIsVisible = 0;
			defaultConfigurationName = Release;
		};
		84F7BB3C276DC6C000138492 /* Build configuration list for PBXNativeTarget "libxe" */ = {
			isa = XCConfigurationList;
			buildConfigurations = (
				84F7BB3D276DC6C000138492 /* Debug */,
				84F7BB3E276DC6C000138492 /* Release */,
			);
			defaultConfigurationIsVisible = 0;
			defaultConfigurationName = Release;
		};
/* End XCConfigurationList section */
	};
	rootObject = 84F7BB30276DC6C000138492 /* Project object */;
}
