// !$*UTF8*$!
{
	archiveVersion = 1;
	classes = {
	};
	objectVersion = 55;
	objects = {

/* Begin PBXBuildFile section */
		8466F3C3276DCCD0004F651E /* libxib.dylib in Frameworks */ = {isa = PBXBuildFile; fileRef = 8466F3B6276DCB69004F651E /* libxib.dylib */; };
		8466F3C4276DCCD8004F651E /* libgym_client.dylib in Frameworks */ = {isa = PBXBuildFile; fileRef = 8466F3B2276DCB3C004F651E /* libgym_client.dylib */; };
		84F7BB94276DC70E00138492 /* main.c in Sources */ = {isa = PBXBuildFile; fileRef = 84F7BB93276DC70E00138492 /* main.c */; };
		84F7BBA1276DC93300138492 /* libxe.a in Frameworks */ = {isa = PBXBuildFile; fileRef = 84F7BBA0276DC93300138492 /* libxe.a */; };
/* End PBXBuildFile section */

/* Begin PBXCopyFilesBuildPhase section */
		84F7BB8E276DC70E00138492 /* CopyFiles */ = {
			isa = PBXCopyFilesBuildPhase;
			buildActionMask = 2147483647;
			dstPath = /usr/share/man/man1/;
			dstSubfolderSpec = 0;
			files = (
			);
			runOnlyForDeploymentPostprocessing = 1;
		};
/* End PBXCopyFilesBuildPhase section */

/* Begin PBXFileReference section */
		8466F3B2276DCB3C004F651E /* libgym_client.dylib */ = {isa = PBXFileReference; lastKnownFileType = "compiled.mach-o.dylib"; name = libgym_client.dylib; path = ../../../../../usr/local/lib/libgym_client.dylib; sourceTree = "<group>"; };
		8466F3B6276DCB69004F651E /* libxib.dylib */ = {isa = PBXFileReference; lastKnownFileType = "compiled.mach-o.dylib"; name = libxib.dylib; path = ../../../../../usr/local/lib/libxib.dylib; sourceTree = "<group>"; };
		84F7BB90276DC70E00138492 /* kmem_msdosfs */ = {isa = PBXFileReference; explicitFileType = "compiled.mach-o.executable"; includeInIndex = 0; path = kmem_msdosfs; sourceTree = BUILT_PRODUCTS_DIR; };
		84F7BB93276DC70E00138492 /* main.c */ = {isa = PBXFileReference; lastKnownFileType = sourcecode.c.c; path = main.c; sourceTree = "<group>"; };
		84F7BBA0276DC93300138492 /* libxe.a */ = {isa = PBXFileReference; explicitFileType = archive.ar; path = libxe.a; sourceTree = BUILT_PRODUCTS_DIR; };
/* End PBXFileReference section */

/* Begin PBXFrameworksBuildPhase section */
		84F7BB8D276DC70E00138492 /* Frameworks */ = {
			isa = PBXFrameworksBuildPhase;
			buildActionMask = 2147483647;
			files = (
				84F7BBA1276DC93300138492 /* libxe.a in Frameworks */,
				8466F3C3276DCCD0004F651E /* libxib.dylib in Frameworks */,
				8466F3C4276DCCD8004F651E /* libgym_client.dylib in Frameworks */,
			);
			runOnlyForDeploymentPostprocessing = 0;
		};
/* End PBXFrameworksBuildPhase section */

/* Begin PBXGroup section */
		84F7BB87276DC70E00138492 = {
			isa = PBXGroup;
			children = (
				84F7BB92276DC70E00138492 /* kmem_msdosfs */,
				84F7BB91276DC70E00138492 /* Products */,
				84F7BB9A276DC71B00138492 /* Frameworks */,
			);
			sourceTree = "<group>";
		};
		84F7BB91276DC70E00138492 /* Products */ = {
			isa = PBXGroup;
			children = (
				84F7BB90276DC70E00138492 /* kmem_msdosfs */,
			);
			name = Products;
			sourceTree = "<group>";
		};
		84F7BB92276DC70E00138492 /* kmem_msdosfs */ = {
			isa = PBXGroup;
			children = (
				84F7BB93276DC70E00138492 /* main.c */,
			);
			path = kmem_msdosfs;
			sourceTree = "<group>";
		};
		84F7BB9A276DC71B00138492 /* Frameworks */ = {
			isa = PBXGroup;
			children = (
				8466F3B6276DCB69004F651E /* libxib.dylib */,
				8466F3B2276DCB3C004F651E /* libgym_client.dylib */,
				84F7BBA0276DC93300138492 /* libxe.a */,
			);
			name = Frameworks;
			sourceTree = "<group>";
		};
/* End PBXGroup section */

/* Begin PBXNativeTarget section */
		84F7BB8F276DC70E00138492 /* kmem_msdosfs */ = {
			isa = PBXNativeTarget;
			buildConfigurationList = 84F7BB97276DC70E00138492 /* Build configuration list for PBXNativeTarget "kmem_msdosfs" */;
			buildPhases = (
				84F7BB8C276DC70E00138492 /* Sources */,
				84F7BB8D276DC70E00138492 /* Frameworks */,
				84F7BB8E276DC70E00138492 /* CopyFiles */,
			);
			buildRules = (
			);
			dependencies = (
			);
			name = kmem_msdosfs;
			productName = kmem_msdosfs;
			productReference = 84F7BB90276DC70E00138492 /* kmem_msdosfs */;
			productType = "com.apple.product-type.tool";
		};
/* End PBXNativeTarget section */

/* Begin PBXProject section */
		84F7BB88276DC70E00138492 /* Project object */ = {
			isa = PBXProject;
			attributes = {
				BuildIndependentTargetsInParallel = 1;
				LastUpgradeCheck = 1310;
				TargetAttributes = {
					84F7BB8F276DC70E00138492 = {
						CreatedOnToolsVersion = 13.1;
					};
				};
			};
			buildConfigurationList = 84F7BB8B276DC70E00138492 /* Build configuration list for PBXProject "kmem_msdosfs" */;
			compatibilityVersion = "Xcode 13.0";
			developmentRegion = en;
			hasScannedForEncodings = 0;
			knownRegions = (
				en,
				Base,
			);
			mainGroup = 84F7BB87276DC70E00138492;
			productRefGroup = 84F7BB91276DC70E00138492 /* Products */;
			projectDirPath = "";
			projectRoot = "";
			targets = (
				84F7BB8F276DC70E00138492 /* kmem_msdosfs */,
			);
		};
/* End PBXProject section */

/* Begin PBXSourcesBuildPhase section */
		84F7BB8C276DC70E00138492 /* Sources */ = {
			isa = PBXSourcesBuildPhase;
			buildActionMask = 2147483647;
			files = (
				84F7BB94276DC70E00138492 /* main.c in Sources */,
			);
			runOnlyForDeploymentPostprocessing = 0;
		};
/* End PBXSourcesBuildPhase section */

/* Begin XCBuildConfiguration section */
		84F7BB95276DC70E00138492 /* Debug */ = {
			isa = XCBuildConfiguration;
			buildSettings = {
				ALWAYS_SEARCH_USER_PATHS = NO;
				CLANG_ANALYZER_NONNULL = YES;
				CLANG_ANALYZER_NUMBER_OBJECT_CONVERSION = YES_AGGRESSIVE;
				CLANG_CXX_LANGUAGE_STANDARD = "gnu++17";
				CLANG_CXX_LIBRARY = "libc++";
				CLANG_ENABLE_MODULES = YES;
				CLANG_ENABLE_OBJC_ARC = YES;
				CLANG_ENABLE_OBJC_WEAK = YES;
				CLANG_WARN_BLOCK_CAPTURE_AUTORELEASING = YES;
				CLANG_WARN_BOOL_CONVERSION = YES;
				CLANG_WARN_COMMA = YES;
				CLANG_WARN_CONSTANT_CONVERSION = YES;
				CLANG_WARN_DEPRECATED_OBJC_IMPLEMENTATIONS = YES;
				CLANG_WARN_DIRECT_OBJC_ISA_USAGE = YES_ERROR;
				CLANG_WARN_DOCUMENTATION_COMMENTS = YES;
				CLANG_WARN_EMPTY_BODY = YES;
				CLANG_WARN_ENUM_CONVERSION = YES;
				CLANG_WARN_INFINITE_RECURSION = YES;
				CLANG_WARN_INT_CONVERSION = YES;
				CLANG_WARN_NON_LITERAL_NULL_CONVERSION = YES;
				CLANG_WARN_OBJC_IMPLICIT_RETAIN_SELF = YES;
				CLANG_WARN_OBJC_LITERAL_CONVERSION = YES;
				CLANG_WARN_OBJC_ROOT_CLASS = YES_ERROR;
				CLANG_WARN_QUOTED_INCLUDE_IN_FRAMEWORK_HEADER = YES;
				CLANG_WARN_RANGE_LOOP_ANALYSIS = YES;
				CLANG_WARN_STRICT_PROTOTYPES = YES;
				CLANG_WARN_SUSPICIOUS_MOVE = YES;
				CLANG_WARN_UNGUARDED_AVAILABILITY = YES_AGGRESSIVE;
				CLANG_WARN_UNREACHABLE_CODE = YES;
				CLANG_WARN__DUPLICATE_METHOD_MATCH = YES;
				COPY_PHASE_STRIP = NO;
				DEBUG_INFORMATION_FORMAT = dwarf;
				ENABLE_STRICT_OBJC_MSGSEND = YES;
				ENABLE_TESTABILITY = YES;
				GCC_C_LANGUAGE_STANDARD = gnu11;
				GCC_DYNAMIC_NO_PIC = NO;
				GCC_NO_COMMON_BLOCKS = YES;
				GCC_OPTIMIZATION_LEVEL = 0;
				GCC_PREPROCESSOR_DEFINITIONS = (
					"DEBUG=1",
					"$(inherited)",
				);
				GCC_WARN_64_TO_32_BIT_CONVERSION = YES;
				GCC_WARN_ABOUT_RETURN_TYPE = YES_ERROR;
				GCC_WARN_UNDECLARED_SELECTOR = YES;
				GCC_WARN_UNINITIALIZED_AUTOS = YES_AGGRESSIVE;
				GCC_WARN_UNUSED_FUNCTION = YES;
				GCC_WARN_UNUSED_VARIABLE = YES;
				MACOSX_DEPLOYMENT_TARGET = 12.0;
				MTL_ENABLE_DEBUG_INFO = INCLUDE_SOURCE;
				MTL_FAST_MATH = YES;
				ONLY_ACTIVE_ARCH = YES;
				SDKROOT = macosx;
			};
			name = Debug;
		};
		84F7BB96276DC70E00138492 /* Release */ = {
			isa = XCBuildConfiguration;
			buildSettings = {
				ALWAYS_SEARCH_USER_PATHS = NO;
				CLANG_ANALYZER_NONNULL = YES;
				CLANG_ANALYZER_NUMBER_OBJECT_CONVERSION = YES_AGGRESSIVE;
				CLANG_CXX_LANGUAGE_STANDARD = "gnu++17";
				CLANG_CXX_LIBRARY = "libc++";
				CLANG_ENABLE_MODULES = YES;
				CLANG_ENABLE_OBJC_ARC = YES;
				CLANG_ENABLE_OBJC_WEAK = YES;
				CLANG_WARN_BLOCK_CAPTURE_AUTORELEASING = YES;
				CLANG_WARN_BOOL_CONVERSION = YES;
				CLANG_WARN_COMMA = YES;
				CLANG_WARN_CONSTANT_CONVERSION = YES;
				CLANG_WARN_DEPRECATED_OBJC_IMPLEMENTATIONS = YES;
				CLANG_WARN_DIRECT_OBJC_ISA_USAGE = YES_ERROR;
				CLANG_WARN_DOCUMENTATION_COMMENTS = YES;
				CLANG_WARN_EMPTY_BODY = YES;
				CLANG_WARN_ENUM_CONVERSION = YES;
				CLANG_WARN_INFINITE_RECURSION = YES;
				CLANG_WARN_INT_CONVERSION = YES;
				CLANG_WARN_NON_LITERAL_NULL_CONVERSION = YES;
				CLANG_WARN_OBJC_IMPLICIT_RETAIN_SELF = YES;
				CLANG_WARN_OBJC_LITERAL_CONVERSION = YES;
				CLANG_WARN_OBJC_ROOT_CLASS = YES_ERROR;
				CLANG_WARN_QUOTED_INCLUDE_IN_FRAMEWORK_HEADER = YES;
				CLANG_WARN_RANGE_LOOP_ANALYSIS = YES;
				CLANG_WARN_STRICT_PROTOTYPES = YES;
				CLANG_WARN_SUSPICIOUS_MOVE = YES;
				CLANG_WARN_UNGUARDED_AVAILABILITY = YES_AGGRESSIVE;
				CLANG_WARN_UNREACHABLE_CODE = YES;
				CLANG_WARN__DUPLICATE_METHOD_MATCH = YES;
				COPY_PHASE_STRIP = NO;
				DEBUG_INFORMATION_FORMAT = "dwarf-with-dsym";
				ENABLE_NS_ASSERTIONS = NO;
				ENABLE_STRICT_OBJC_MSGSEND = YES;
				GCC_C_LANGUAGE_STANDARD = gnu11;
				GCC_NO_COMMON_BLOCKS = YES;
				GCC_WARN_64_TO_32_BIT_CONVERSION = YES;
				GCC_WARN_ABOUT_RETURN_TYPE = YES_ERROR;
				GCC_WARN_UNDECLARED_SELECTOR = YES;
				GCC_WARN_UNINITIALIZED_AUTOS = YES_AGGRESSIVE;
				GCC_WARN_UNUSED_FUNCTION = YES;
				GCC_WARN_UNUSED_VARIABLE = YES;
				MACOSX_DEPLOYMENT_TARGET = 12.0;
				MTL_ENABLE_DEBUG_INFO = NO;
				MTL_FAST_MATH = YES;
				SDKROOT = macosx;
			};
			name = Release;
		};
		84F7BB98276DC70E00138492 /* Debug */ = {
			isa = XCBuildConfiguration;
			buildSettings = {
				CODE_SIGN_STYLE = Automatic;
				HEADER_SEARCH_PATHS = (
					/usr/local/include,
					"$SOURCE_ROOT/../libxe/**",
				);
				LIBRARY_SEARCH_PATHS = /usr/local/lib;
				PRODUCT_NAME = "$(TARGET_NAME)";
			};
			name = Debug;
		};
		84F7BB99276DC70E00138492 /* Release */ = {
			isa = XCBuildConfiguration;
			buildSettings = {
				CODE_SIGN_STYLE = Automatic;
				HEADER_SEARCH_PATHS = (
					/usr/local/include,
					"$SOURCE_ROOT/../libxe/**",
				);
				LIBRARY_SEARCH_PATHS = /usr/local/lib;
				PRODUCT_NAME = "$(TARGET_NAME)";
			};
			name = Release;
		};
/* End XCBuildConfiguration section */

/* Begin XCConfigurationList section */
		84F7BB8B276DC70E00138492 /* Build configuration list for PBXProject "kmem_msdosfs" */ = {
			isa = XCConfigurationList;
			buildConfigurations = (
				84F7BB95276DC70E00138492 /* Debug */,
				84F7BB96276DC70E00138492 /* Release */,
			);
			defaultConfigurationIsVisible = 0;
			defaultConfigurationName = Release;
		};
		84F7BB97276DC70E00138492 /* Build configuration list for PBXNativeTarget "kmem_msdosfs" */ = {
			isa = XCConfigurationList;
			buildConfigurations = (
				84F7BB98276DC70E00138492 /* Debug */,
				84F7BB99276DC70E00138492 /* Release */,
			);
			defaultConfigurationIsVisible = 0;
			defaultConfigurationName = Release;
		};
/* End XCConfigurationList section */
	};
	rootObject = 84F7BB88276DC70E00138492 /* Project object */;
}
