// !$*UTF8*$!
{
	archiveVersion = 1;
	classes = {
	};
	objectVersion = 55;
	objects = {

/* Begin PBXBuildFile section */
		84973FB2278F2ABC009ABD74 /* main.swift in Sources */ = {isa = PBXBuildFile; fileRef = 84973FB1278F2ABC009ABD74 /* main.swift */; };
		84973FC0278F2B7D009ABD74 /* NIOCore in Frameworks */ = {isa = PBXBuildFile; productRef = 84973FBF278F2B7D009ABD74 /* NIOCore */; };
		84973FC2278F2B80009ABD74 /* NIOPosix in Frameworks */ = {isa = PBXBuildFile; productRef = 84973FC1278F2B80009ABD74 /* NIOPosix */; };
/* End PBXBuildFile section */

/* Begin PBXCopyFilesBuildPhase section */
		84973FAC278F2ABC009ABD74 /* CopyFiles */ = {
			isa = PBXCopyFilesBuildPhase;
			buildActionMask = 2147483647;
			dstPath = /usr/share/man/man1/;
			dstSubfolderSpec = 0;
			files = (
			);
			runOnlyForDeploymentPostprocessing = 1;
		};
/* End PBXCopyFilesBuildPhase section */

/* Begin PBXFileReference section */
		84973FAE278F2ABC009ABD74 /* xe_smbx */ = {isa = PBXFileReference; explicitFileType = "compiled.mach-o.executable"; includeInIndex = 0; path = xe_smbx; sourceTree = BUILT_PRODUCTS_DIR; };
		84973FB1278F2ABC009ABD74 /* main.swift */ = {isa = PBXFileReference; lastKnownFileType = sourcecode.swift; path = main.swift; sourceTree = "<group>"; };
		84973FB8278F2ACF009ABD74 /* xe_smbx-Bridging-Header.h */ = {isa = PBXFileReference; lastKnownFileType = sourcecode.c.h; path = "xe_smbx-Bridging-Header.h"; sourceTree = "<group>"; };
		84973FBD278F2B6F009ABD74 /* swift-nio */ = {isa = PBXFileReference; lastKnownFileType = wrapper; name = "swift-nio"; path = "../external/swift-nio"; sourceTree = "<group>"; };
/* End PBXFileReference section */

/* Begin PBXFrameworksBuildPhase section */
		84973FAB278F2ABC009ABD74 /* Frameworks */ = {
			isa = PBXFrameworksBuildPhase;
			buildActionMask = 2147483647;
			files = (
				84973FC0278F2B7D009ABD74 /* NIOCore in Frameworks */,
				84973FC2278F2B80009ABD74 /* NIOPosix in Frameworks */,
			);
			runOnlyForDeploymentPostprocessing = 0;
		};
/* End PBXFrameworksBuildPhase section */

/* Begin PBXGroup section */
		84973FA5278F2ABC009ABD74 = {
			isa = PBXGroup;
			children = (
				84973FBC278F2B6F009ABD74 /* Packages */,
				84973FB0278F2ABC009ABD74 /* xe_smbx */,
				84973FAF278F2ABC009ABD74 /* Products */,
				84973FBE278F2B7D009ABD74 /* Frameworks */,
			);
			sourceTree = "<group>";
		};
		84973FAF278F2ABC009ABD74 /* Products */ = {
			isa = PBXGroup;
			children = (
				84973FAE278F2ABC009ABD74 /* xe_smbx */,
			);
			name = Products;
			sourceTree = "<group>";
		};
		84973FB0278F2ABC009ABD74 /* xe_smbx */ = {
			isa = PBXGroup;
			children = (
				84973FB1278F2ABC009ABD74 /* main.swift */,
				84973FB8278F2ACF009ABD74 /* xe_smbx-Bridging-Header.h */,
			);
			path = xe_smbx;
			sourceTree = "<group>";
		};
		84973FBC278F2B6F009ABD74 /* Packages */ = {
			isa = PBXGroup;
			children = (
				84973FBD278F2B6F009ABD74 /* swift-nio */,
			);
			name = Packages;
			sourceTree = "<group>";
		};
		84973FBE278F2B7D009ABD74 /* Frameworks */ = {
			isa = PBXGroup;
			children = (
			);
			name = Frameworks;
			sourceTree = "<group>";
		};
/* End PBXGroup section */

/* Begin PBXNativeTarget section */
		84973FAD278F2ABC009ABD74 /* xe_smbx */ = {
			isa = PBXNativeTarget;
			buildConfigurationList = 84973FB5278F2ABC009ABD74 /* Build configuration list for PBXNativeTarget "xe_smbx" */;
			buildPhases = (
				84973FAA278F2ABC009ABD74 /* Sources */,
				84973FAB278F2ABC009ABD74 /* Frameworks */,
				84973FAC278F2ABC009ABD74 /* CopyFiles */,
			);
			buildRules = (
			);
			dependencies = (
			);
			name = xe_smbx;
			packageProductDependencies = (
				84973FBF278F2B7D009ABD74 /* NIOCore */,
				84973FC1278F2B80009ABD74 /* NIOPosix */,
			);
			productName = xe_smbx;
			productReference = 84973FAE278F2ABC009ABD74 /* xe_smbx */;
			productType = "com.apple.product-type.tool";
		};
/* End PBXNativeTarget section */

/* Begin PBXProject section */
		84973FA6278F2ABC009ABD74 /* Project object */ = {
			isa = PBXProject;
			attributes = {
				BuildIndependentTargetsInParallel = 1;
				LastSwiftUpdateCheck = 1320;
				LastUpgradeCheck = 1320;
				TargetAttributes = {
					84973FAD278F2ABC009ABD74 = {
						CreatedOnToolsVersion = 13.2.1;
						LastSwiftMigration = 1320;
					};
				};
			};
			buildConfigurationList = 84973FA9278F2ABC009ABD74 /* Build configuration list for PBXProject "xe_smbx" */;
			compatibilityVersion = "Xcode 13.0";
			developmentRegion = en;
			hasScannedForEncodings = 0;
			knownRegions = (
				en,
				Base,
			);
			mainGroup = 84973FA5278F2ABC009ABD74;
			productRefGroup = 84973FAF278F2ABC009ABD74 /* Products */;
			projectDirPath = "";
			projectRoot = "";
			targets = (
				84973FAD278F2ABC009ABD74 /* xe_smbx */,
			);
		};
/* End PBXProject section */

/* Begin PBXSourcesBuildPhase section */
		84973FAA278F2ABC009ABD74 /* Sources */ = {
			isa = PBXSourcesBuildPhase;
			buildActionMask = 2147483647;
			files = (
				84973FB2278F2ABC009ABD74 /* main.swift in Sources */,
			);
			runOnlyForDeploymentPostprocessing = 0;
		};
/* End PBXSourcesBuildPhase section */

/* Begin XCBuildConfiguration section */
		84973FB3278F2ABC009ABD74 /* Debug */ = {
			isa = XCBuildConfiguration;
			buildSettings = {
				ALWAYS_SEARCH_USER_PATHS = NO;
				CLANG_ANALYZER_NONNULL = YES;
				CLANG_ANALYZER_NUMBER_OBJECT_CONVERSION = YES_AGGRESSIVE;
				CLANG_CXX_LANGUAGE_STANDARD = "gnu++17";
				CLANG_CXX_LIBRARY = "libc++";
				CLANG_ENABLE_MODULES = YES;
				CLANG_ENABLE_OBJC_ARC = YES;
				CLANG_ENABLE_OBJC_WEAK = YES;
				CLANG_WARN_BLOCK_CAPTURE_AUTORELEASING = YES;
				CLANG_WARN_BOOL_CONVERSION = YES;
				CLANG_WARN_COMMA = YES;
				CLANG_WARN_CONSTANT_CONVERSION = YES;
				CLANG_WARN_DEPRECATED_OBJC_IMPLEMENTATIONS = YES;
				CLANG_WARN_DIRECT_OBJC_ISA_USAGE = YES_ERROR;
				CLANG_WARN_DOCUMENTATION_COMMENTS = YES;
				CLANG_WARN_EMPTY_BODY = YES;
				CLANG_WARN_ENUM_CONVERSION = YES;
				CLANG_WARN_INFINITE_RECURSION = YES;
				CLANG_WARN_INT_CONVERSION = YES;
				CLANG_WARN_NON_LITERAL_NULL_CONVERSION = YES;
				CLANG_WARN_OBJC_IMPLICIT_RETAIN_SELF = YES;
				CLANG_WARN_OBJC_LITERAL_CONVERSION = YES;
				CLANG_WARN_OBJC_ROOT_CLASS = YES_ERROR;
				CLANG_WARN_QUOTED_INCLUDE_IN_FRAMEWORK_HEADER = YES;
				CLANG_WARN_RANGE_LOOP_ANALYSIS = YES;
				CLANG_WARN_STRICT_PROTOTYPES = YES;
				CLANG_WARN_SUSPICIOUS_MOVE = YES;
				CLANG_WARN_UNGUARDED_AVAILABILITY = YES_AGGRESSIVE;
				CLANG_WARN_UNREACHABLE_CODE = YES;
				CLANG_WARN__DUPLICATE_METHOD_MATCH = YES;
				COPY_PHASE_STRIP = NO;
				DEBUG_INFORMATION_FORMAT = dwarf;
				ENABLE_STRICT_OBJC_MSGSEND = YES;
				ENABLE_TESTABILITY = YES;
				GCC_C_LANGUAGE_STANDARD = gnu11;
				GCC_DYNAMIC_NO_PIC = NO;
				GCC_NO_COMMON_BLOCKS = YES;
				GCC_OPTIMIZATION_LEVEL = 0;
				GCC_PREPROCESSOR_DEFINITIONS = (
					"DEBUG=1",
					"$(inherited)",
				);
				GCC_WARN_64_TO_32_BIT_CONVERSION = YES;
				GCC_WARN_ABOUT_RETURN_TYPE = YES_ERROR;
				GCC_WARN_UNDECLARED_SELECTOR = YES;
				GCC_WARN_UNINITIALIZED_AUTOS = YES_AGGRESSIVE;
				GCC_WARN_UNUSED_FUNCTION = YES;
				GCC_WARN_UNUSED_VARIABLE = YES;
				MACOSX_DEPLOYMENT_TARGET = 12.0;
				MTL_ENABLE_DEBUG_INFO = INCLUDE_SOURCE;
				MTL_FAST_MATH = YES;
				ONLY_ACTIVE_ARCH = YES;
				SDKROOT = macosx;
				SWIFT_ACTIVE_COMPILATION_CONDITIONS = DEBUG;
				SWIFT_OPTIMIZATION_LEVEL = "-Onone";
			};
			name = Debug;
		};
		84973FB4278F2ABC009ABD74 /* Release */ = {
			isa = XCBuildConfiguration;
			buildSettings = {
				ALWAYS_SEARCH_USER_PATHS = NO;
				CLANG_ANALYZER_NONNULL = YES;
				CLANG_ANALYZER_NUMBER_OBJECT_CONVERSION = YES_AGGRESSIVE;
				CLANG_CXX_LANGUAGE_STANDARD = "gnu++17";
				CLANG_CXX_LIBRARY = "libc++";
				CLANG_ENABLE_MODULES = YES;
				CLANG_ENABLE_OBJC_ARC = YES;
				CLANG_ENABLE_OBJC_WEAK = YES;
				CLANG_WARN_BLOCK_CAPTURE_AUTORELEASING = YES;
				CLANG_WARN_BOOL_CONVERSION = YES;
				CLANG_WARN_COMMA = YES;
				CLANG_WARN_CONSTANT_CONVERSION = YES;
				CLANG_WARN_DEPRECATED_OBJC_IMPLEMENTATIONS = YES;
				CLANG_WARN_DIRECT_OBJC_ISA_USAGE = YES_ERROR;
				CLANG_WARN_DOCUMENTATION_COMMENTS = YES;
				CLANG_WARN_EMPTY_BODY = YES;
				CLANG_WARN_ENUM_CONVERSION = YES;
				CLANG_WARN_INFINITE_RECURSION = YES;
				CLANG_WARN_INT_CONVERSION = YES;
				CLANG_WARN_NON_LITERAL_NULL_CONVERSION = YES;
				CLANG_WARN_OBJC_IMPLICIT_RETAIN_SELF = YES;
				CLANG_WARN_OBJC_LITERAL_CONVERSION = YES;
				CLANG_WARN_OBJC_ROOT_CLASS = YES_ERROR;
				CLANG_WARN_QUOTED_INCLUDE_IN_FRAMEWORK_HEADER = YES;
				CLANG_WARN_RANGE_LOOP_ANALYSIS = YES;
				CLANG_WARN_STRICT_PROTOTYPES = YES;
				CLANG_WARN_SUSPICIOUS_MOVE = YES;
				CLANG_WARN_UNGUARDED_AVAILABILITY = YES_AGGRESSIVE;
				CLANG_WARN_UNREACHABLE_CODE = YES;
				CLANG_WARN__DUPLICATE_METHOD_MATCH = YES;
				COPY_PHASE_STRIP = NO;
				DEBUG_INFORMATION_FORMAT = "dwarf-with-dsym";
				ENABLE_NS_ASSERTIONS = NO;
				ENABLE_STRICT_OBJC_MSGSEND = YES;
				GCC_C_LANGUAGE_STANDARD = gnu11;
				GCC_NO_COMMON_BLOCKS = YES;
				GCC_WARN_64_TO_32_BIT_CONVERSION = YES;
				GCC_WARN_ABOUT_RETURN_TYPE = YES_ERROR;
				GCC_WARN_UNDECLARED_SELECTOR = YES;
				GCC_WARN_UNINITIALIZED_AUTOS = YES_AGGRESSIVE;
				GCC_WARN_UNUSED_FUNCTION = YES;
				GCC_WARN_UNUSED_VARIABLE = YES;
				MACOSX_DEPLOYMENT_TARGET = 12.0;
				MTL_ENABLE_DEBUG_INFO = NO;
				MTL_FAST_MATH = YES;
				SDKROOT = macosx;
				SWIFT_COMPILATION_MODE = wholemodule;
				SWIFT_OPTIMIZATION_LEVEL = "-O";
			};
			name = Release;
		};
		84973FB6278F2ABC009ABD74 /* Debug */ = {
			isa = XCBuildConfiguration;
			buildSettings = {
				CLANG_ENABLE_MODULES = YES;
				CODE_SIGN_STYLE = Automatic;
				HEADER_SEARCH_PATHS = (
					$SOURCE_ROOT/../xe_kmem/xe_kmem/public,
					$SOURCE_ROOT/../xe_kmem/xe_kmem/external,
				);
				LD_RUNPATH_SEARCH_PATHS = (
					"$(inherited)",
					"@executable_path/../Frameworks",
					"@loader_path/../Frameworks",
				);
				PRODUCT_NAME = "$(TARGET_NAME)";
				SWIFT_OBJC_BRIDGING_HEADER = "xe_smbx/xe_smbx-Bridging-Header.h";
				SWIFT_OPTIMIZATION_LEVEL = "-Onone";
				SWIFT_VERSION = 5.0;
			};
			name = Debug;
		};
		84973FB7278F2ABC009ABD74 /* Release */ = {
			isa = XCBuildConfiguration;
			buildSettings = {
				CLANG_ENABLE_MODULES = YES;
				CODE_SIGN_STYLE = Automatic;
				HEADER_SEARCH_PATHS = (
					$SOURCE_ROOT/../xe_kmem/xe_kmem/public,
					$SOURCE_ROOT/../xe_kmem/xe_kmem/external,
				);
				LD_RUNPATH_SEARCH_PATHS = (
					"$(inherited)",
					"@executable_path/../Frameworks",
					"@loader_path/../Frameworks",
				);
				PRODUCT_NAME = "$(TARGET_NAME)";
				SWIFT_OBJC_BRIDGING_HEADER = "xe_smbx/xe_smbx-Bridging-Header.h";
				SWIFT_VERSION = 5.0;
			};
			name = Release;
		};
/* End XCBuildConfiguration section */

/* Begin XCConfigurationList section */
		84973FA9278F2ABC009ABD74 /* Build configuration list for PBXProject "xe_smbx" */ = {
			isa = XCConfigurationList;
			buildConfigurations = (
				84973FB3278F2ABC009ABD74 /* Debug */,
				84973FB4278F2ABC009ABD74 /* Release */,
			);
			defaultConfigurationIsVisible = 0;
			defaultConfigurationName = Release;
		};
		84973FB5278F2ABC009ABD74 /* Build configuration list for PBXNativeTarget "xe_smbx" */ = {
			isa = XCConfigurationList;
			buildConfigurations = (
				84973FB6278F2ABC009ABD74 /* Debug */,
				84973FB7278F2ABC009ABD74 /* Release */,
			);
			defaultConfigurationIsVisible = 0;
			defaultConfigurationName = Release;
		};
/* End XCConfigurationList section */

/* Begin XCSwiftPackageProductDependency section */
		84973FBF278F2B7D009ABD74 /* NIOCore */ = {
			isa = XCSwiftPackageProductDependency;
			productName = NIOCore;
		};
		84973FC1278F2B80009ABD74 /* NIOPosix */ = {
			isa = XCSwiftPackageProductDependency;
			productName = NIOPosix;
		};
/* End XCSwiftPackageProductDependency section */
	};
	rootObject = 84973FA6278F2ABC009ABD74 /* Project object */;
}
