// !$*UTF8*$!
{
	archiveVersion = 1;
	classes = {
	};
	objectVersion = 55;
	objects = {

/* Begin PBXBuildFile section */
		84079CA72770548400C4B188 /* libproc.tbd in Frameworks */ = {isa = PBXBuildFile; fileRef = 84079CA62770547F00C4B188 /* libproc.tbd */; platformFilter = maccatalyst; };
		84079CAA2770687400C4B188 /* saddr_allocator.c in Sources */ = {isa = PBXBuildFile; fileRef = 84079CA92770687400C4B188 /* saddr_allocator.c */; };
		8428F027277E39220087ED81 /* allocator_prpw.c in Sources */ = {isa = PBXBuildFile; fileRef = 8428F025277E39220087ED81 /* allocator_prpw.c */; };
		84356664277F87B600707814 /* smbiod_rw.c in Sources */ = {isa = PBXBuildFile; fileRef = 84356663277F87B600707814 /* smbiod_rw.c */; };
		845913A4276F857E00F15CBA /* ssn_allocator.c in Sources */ = {isa = PBXBuildFile; fileRef = 845913A2276F84DC00F15CBA /* ssn_allocator.c */; };
		845913A5276F859800F15CBA /* client.c in Sources */ = {isa = PBXBuildFile; fileRef = 845913A1276F84DC00F15CBA /* client.c */; };
		845913A7276F859F00F15CBA /* nic_allocator.c in Sources */ = {isa = PBXBuildFile; fileRef = 8459139F276F84DC00F15CBA /* nic_allocator.c */; };
		8466F429276DCE9E004F651E /* main.c in Sources */ = {isa = PBXBuildFile; fileRef = 8466F428276DCE9E004F651E /* main.c */; };
		8466F431276DCEAB004F651E /* libxe.a in Frameworks */ = {isa = PBXBuildFile; fileRef = 8466F430276DCEAB004F651E /* libxe.a */; };
		8466F434276DCEB0004F651E /* libgym_client.dylib in Frameworks */ = {isa = PBXBuildFile; fileRef = 8466F432276DCEB0004F651E /* libgym_client.dylib */; };
		8466F436276DCEB0004F651E /* libxib.dylib in Frameworks */ = {isa = PBXBuildFile; fileRef = 8466F433276DCEB0004F651E /* libxib.dylib */; };
		84E558F62779938700ED4BE8 /* zkext_reserve_va.c in Sources */ = {isa = PBXBuildFile; fileRef = 84E558F52779938700ED4BE8 /* zkext_reserve_va.c */; };
		84E77E9E2771A4790085EDC2 /* zkext_neighbor_reader.c in Sources */ = {isa = PBXBuildFile; fileRef = 84E77E9D2771A4790085EDC2 /* zkext_neighbor_reader.c */; };
		84E77EA12771B1630085EDC2 /* zkext_free.c in Sources */ = {isa = PBXBuildFile; fileRef = 84E77EA02771B1630085EDC2 /* zkext_free.c */; };
		84E8BC4F27722B70004E9C29 /* allocator_nic_parallel.c in Sources */ = {isa = PBXBuildFile; fileRef = 84E8BC4E27722B70004E9C29 /* allocator_nic_parallel.c */; };
		84E8ED212780D49D001DCB32 /* kmem_smbiod.c in Sources */ = {isa = PBXBuildFile; fileRef = 84E8ED202780D49D001DCB32 /* kmem_smbiod.c */; };
		84EB7CED277AEFE10083D06C /* zkext_alloc_small.c in Sources */ = {isa = PBXBuildFile; fileRef = 84EB7CEC277AEFE10083D06C /* zkext_alloc_small.c */; };
		84EDAAC62779B8BC005A0ED7 /* zkext_prime_util.c in Sources */ = {isa = PBXBuildFile; fileRef = 84EDAAC52779B8BC005A0ED7 /* zkext_prime_util.c */; };
		84F269C12771C2AD008C285E /* allocator_rw.c in Sources */ = {isa = PBXBuildFile; fileRef = 84F269C02771C2AD008C285E /* allocator_rw.c */; };
/* End PBXBuildFile section */

/* Begin PBXCopyFilesBuildPhase section */
		8466F423276DCE9E004F651E /* CopyFiles */ = {
			isa = PBXCopyFilesBuildPhase;
			buildActionMask = 2147483647;
			dstPath = /usr/share/man/man1/;
			dstSubfolderSpec = 0;
			files = (
			);
			runOnlyForDeploymentPostprocessing = 1;
		};
/* End PBXCopyFilesBuildPhase section */

/* Begin PBXFileReference section */
		84079CA62770547F00C4B188 /* libproc.tbd */ = {isa = PBXFileReference; lastKnownFileType = "sourcecode.text-based-dylib-definition"; name = libproc.tbd; path = usr/lib/libproc.tbd; sourceTree = SDKROOT; };
		84079CA82770687400C4B188 /* saddr_allocator.h */ = {isa = PBXFileReference; lastKnownFileType = sourcecode.c.h; path = saddr_allocator.h; sourceTree = "<group>"; };
		84079CA92770687400C4B188 /* saddr_allocator.c */ = {isa = PBXFileReference; lastKnownFileType = sourcecode.c.c; path = saddr_allocator.c; sourceTree = "<group>"; };
		8428F025277E39220087ED81 /* allocator_prpw.c */ = {isa = PBXFileReference; fileEncoding = 4; lastKnownFileType = sourcecode.c.c; path = allocator_prpw.c; sourceTree = "<group>"; };
		8428F026277E39220087ED81 /* allocator_prpw.h */ = {isa = PBXFileReference; fileEncoding = 4; lastKnownFileType = sourcecode.c.h; path = allocator_prpw.h; sourceTree = "<group>"; };
		84356662277F87B600707814 /* smbiod_rw.h */ = {isa = PBXFileReference; lastKnownFileType = sourcecode.c.h; path = smbiod_rw.h; sourceTree = "<group>"; };
		84356663277F87B600707814 /* smbiod_rw.c */ = {isa = PBXFileReference; lastKnownFileType = sourcecode.c.c; path = smbiod_rw.c; sourceTree = "<group>"; };
		84591399276F849200F15CBA /* smbfs */ = {isa = PBXFileReference; lastKnownFileType = folder; path = smbfs; sourceTree = "<group>"; };
		8459139C276F84DC00F15CBA /* ssn_allocator.h */ = {isa = PBXFileReference; lastKnownFileType = sourcecode.c.h; path = ssn_allocator.h; sourceTree = "<group>"; };
		8459139D276F84DC00F15CBA /* client.h */ = {isa = PBXFileReference; lastKnownFileType = sourcecode.c.h; path = client.h; sourceTree = "<group>"; };
		8459139F276F84DC00F15CBA /* nic_allocator.c */ = {isa = PBXFileReference; lastKnownFileType = sourcecode.c.c; path = nic_allocator.c; sourceTree = "<group>"; };
		845913A1276F84DC00F15CBA /* client.c */ = {isa = PBXFileReference; lastKnownFileType = sourcecode.c.c; path = client.c; sourceTree = "<group>"; };
		845913A2276F84DC00F15CBA /* ssn_allocator.c */ = {isa = PBXFileReference; lastKnownFileType = sourcecode.c.c; path = ssn_allocator.c; sourceTree = "<group>"; };
		845913A3276F84DC00F15CBA /* nic_allocator.h */ = {isa = PBXFileReference; lastKnownFileType = sourcecode.c.h; path = nic_allocator.h; sourceTree = "<group>"; };
		8466F425276DCE9E004F651E /* kmem_xepg */ = {isa = PBXFileReference; explicitFileType = "compiled.mach-o.executable"; includeInIndex = 0; path = kmem_xepg; sourceTree = BUILT_PRODUCTS_DIR; };
		8466F428276DCE9E004F651E /* main.c */ = {isa = PBXFileReference; lastKnownFileType = sourcecode.c.c; path = main.c; sourceTree = "<group>"; };
		8466F430276DCEAB004F651E /* libxe.a */ = {isa = PBXFileReference; explicitFileType = archive.ar; path = libxe.a; sourceTree = BUILT_PRODUCTS_DIR; };
		8466F432276DCEB0004F651E /* libgym_client.dylib */ = {isa = PBXFileReference; lastKnownFileType = "compiled.mach-o.dylib"; name = libgym_client.dylib; path = ../../../../../usr/local/lib/libgym_client.dylib; sourceTree = "<group>"; };
		8466F433276DCEB0004F651E /* libxib.dylib */ = {isa = PBXFileReference; lastKnownFileType = "compiled.mach-o.dylib"; name = libxib.dylib; path = ../../../../../usr/local/lib/libxib.dylib; sourceTree = "<group>"; };
		84E558F42779938700ED4BE8 /* zkext_reserve_va.h */ = {isa = PBXFileReference; lastKnownFileType = sourcecode.c.h; path = zkext_reserve_va.h; sourceTree = "<group>"; };
		84E558F52779938700ED4BE8 /* zkext_reserve_va.c */ = {isa = PBXFileReference; lastKnownFileType = sourcecode.c.c; path = zkext_reserve_va.c; sourceTree = "<group>"; };
		84E77E9C2771A4790085EDC2 /* zkext_neighbor_reader.h */ = {isa = PBXFileReference; lastKnownFileType = sourcecode.c.h; path = zkext_neighbor_reader.h; sourceTree = "<group>"; };
		84E77E9D2771A4790085EDC2 /* zkext_neighbor_reader.c */ = {isa = PBXFileReference; lastKnownFileType = sourcecode.c.c; path = zkext_neighbor_reader.c; sourceTree = "<group>"; };
		84E77E9F2771B1630085EDC2 /* zkext_free.h */ = {isa = PBXFileReference; lastKnownFileType = sourcecode.c.h; path = zkext_free.h; sourceTree = "<group>"; };
		84E77EA02771B1630085EDC2 /* zkext_free.c */ = {isa = PBXFileReference; lastKnownFileType = sourcecode.c.c; path = zkext_free.c; sourceTree = "<group>"; };
		84E8BC4D27722B70004E9C29 /* allocator_nic_parallel.h */ = {isa = PBXFileReference; lastKnownFileType = sourcecode.c.h; path = allocator_nic_parallel.h; sourceTree = "<group>"; };
		84E8BC4E27722B70004E9C29 /* allocator_nic_parallel.c */ = {isa = PBXFileReference; lastKnownFileType = sourcecode.c.c; path = allocator_nic_parallel.c; sourceTree = "<group>"; };
		84E8D9A727818EBB00DC9F69 /* params.h */ = {isa = PBXFileReference; lastKnownFileType = sourcecode.c.h; path = params.h; sourceTree = "<group>"; };
		84E8ED1F2780D49D001DCB32 /* kmem_smbiod.h */ = {isa = PBXFileReference; lastKnownFileType = sourcecode.c.h; path = kmem_smbiod.h; sourceTree = "<group>"; };
		84E8ED202780D49D001DCB32 /* kmem_smbiod.c */ = {isa = PBXFileReference; lastKnownFileType = sourcecode.c.c; path = kmem_smbiod.c; sourceTree = "<group>"; };
		84EB7CEB277AEFE10083D06C /* zkext_alloc_small.h */ = {isa = PBXFileReference; lastKnownFileType = sourcecode.c.h; path = zkext_alloc_small.h; sourceTree = "<group>"; };
		84EB7CEC277AEFE10083D06C /* zkext_alloc_small.c */ = {isa = PBXFileReference; lastKnownFileType = sourcecode.c.c; path = zkext_alloc_small.c; sourceTree = "<group>"; };
		84EDAAC42779B8BC005A0ED7 /* zkext_prime_util.h */ = {isa = PBXFileReference; lastKnownFileType = sourcecode.c.h; path = zkext_prime_util.h; sourceTree = "<group>"; };
		84EDAAC52779B8BC005A0ED7 /* zkext_prime_util.c */ = {isa = PBXFileReference; lastKnownFileType = sourcecode.c.c; path = zkext_prime_util.c; sourceTree = "<group>"; };
		84F269BF2771C2AD008C285E /* allocator_rw.h */ = {isa = PBXFileReference; lastKnownFileType = sourcecode.c.h; path = allocator_rw.h; sourceTree = "<group>"; };
		84F269C02771C2AD008C285E /* allocator_rw.c */ = {isa = PBXFileReference; lastKnownFileType = sourcecode.c.c; path = allocator_rw.c; sourceTree = "<group>"; };
/* End PBXFileReference section */

/* Begin PBXFrameworksBuildPhase section */
		8466F422276DCE9E004F651E /* Frameworks */ = {
			isa = PBXFrameworksBuildPhase;
			buildActionMask = 2147483647;
			files = (
				8466F436276DCEB0004F651E /* libxib.dylib in Frameworks */,
				8466F431276DCEAB004F651E /* libxe.a in Frameworks */,
				84079CA72770548400C4B188 /* libproc.tbd in Frameworks */,
				8466F434276DCEB0004F651E /* libgym_client.dylib in Frameworks */,
			);
			runOnlyForDeploymentPostprocessing = 0;
		};
/* End PBXFrameworksBuildPhase section */

/* Begin PBXGroup section */
		84591398276F847300F15CBA /* external */ = {
			isa = PBXGroup;
			children = (
				84591399276F849200F15CBA /* smbfs */,
			);
			path = external;
			sourceTree = "<group>";
		};
		8466F41C276DCE9E004F651E = {
			isa = PBXGroup;
			children = (
				8466F427276DCE9E004F651E /* kmem_xepg */,
				8466F426276DCE9E004F651E /* Products */,
				8466F42F276DCEAB004F651E /* Frameworks */,
			);
			sourceTree = "<group>";
		};
		8466F426276DCE9E004F651E /* Products */ = {
			isa = PBXGroup;
			children = (
				8466F425276DCE9E004F651E /* kmem_xepg */,
			);
			name = Products;
			sourceTree = "<group>";
		};
		8466F427276DCE9E004F651E /* kmem_xepg */ = {
			isa = PBXGroup;
			children = (
				84591398276F847300F15CBA /* external */,
				84E77E9B2771A4390085EDC2 /* kmem */,
				84E77E9A2771A2EB0085EDC2 /* xnu */,
				84E77E992771A26F0085EDC2 /* smb */,
				8466F428276DCE9E004F651E /* main.c */,
			);
			path = kmem_xepg;
			sourceTree = "<group>";
		};
		8466F42F276DCEAB004F651E /* Frameworks */ = {
			isa = PBXGroup;
			children = (
				84079CA62770547F00C4B188 /* libproc.tbd */,
				8466F432276DCEB0004F651E /* libgym_client.dylib */,
				8466F433276DCEB0004F651E /* libxib.dylib */,
				8466F430276DCEAB004F651E /* libxe.a */,
			);
			name = Frameworks;
			sourceTree = "<group>";
		};
		84E77E992771A26F0085EDC2 /* smb */ = {
			isa = PBXGroup;
			children = (
				8459139F276F84DC00F15CBA /* nic_allocator.c */,
				845913A3276F84DC00F15CBA /* nic_allocator.h */,
				845913A2276F84DC00F15CBA /* ssn_allocator.c */,
				8459139C276F84DC00F15CBA /* ssn_allocator.h */,
				845913A1276F84DC00F15CBA /* client.c */,
				8459139D276F84DC00F15CBA /* client.h */,
				84E8D9A727818EBB00DC9F69 /* params.h */,
			);
			path = smb;
			sourceTree = "<group>";
		};
		84E77E9A2771A2EB0085EDC2 /* xnu */ = {
			isa = PBXGroup;
			children = (
				84079CA92770687400C4B188 /* saddr_allocator.c */,
				84079CA82770687400C4B188 /* saddr_allocator.h */,
			);
			path = xnu;
			sourceTree = "<group>";
		};
		84E77E9B2771A4390085EDC2 /* kmem */ = {
			isa = PBXGroup;
			children = (
				84F269BF2771C2AD008C285E /* allocator_rw.h */,
				84F269C02771C2AD008C285E /* allocator_rw.c */,
				8428F026277E39220087ED81 /* allocator_prpw.h */,
				8428F025277E39220087ED81 /* allocator_prpw.c */,
				84E8BC4D27722B70004E9C29 /* allocator_nic_parallel.h */,
				84E8BC4E27722B70004E9C29 /* allocator_nic_parallel.c */,
				84E77E9F2771B1630085EDC2 /* zkext_free.h */,
				84E77EA02771B1630085EDC2 /* zkext_free.c */,
				84E77E9C2771A4790085EDC2 /* zkext_neighbor_reader.h */,
				84E77E9D2771A4790085EDC2 /* zkext_neighbor_reader.c */,
				84E558F42779938700ED4BE8 /* zkext_reserve_va.h */,
				84E558F52779938700ED4BE8 /* zkext_reserve_va.c */,
				84EDAAC42779B8BC005A0ED7 /* zkext_prime_util.h */,
				84EDAAC52779B8BC005A0ED7 /* zkext_prime_util.c */,
				84EB7CEB277AEFE10083D06C /* zkext_alloc_small.h */,
				84EB7CEC277AEFE10083D06C /* zkext_alloc_small.c */,
				84356662277F87B600707814 /* smbiod_rw.h */,
				84356663277F87B600707814 /* smbiod_rw.c */,
				84E8ED1F2780D49D001DCB32 /* kmem_smbiod.h */,
				84E8ED202780D49D001DCB32 /* kmem_smbiod.c */,
			);
			path = kmem;
			sourceTree = "<group>";
		};
/* End PBXGroup section */

/* Begin PBXNativeTarget section */
		8466F424276DCE9E004F651E /* kmem_xepg */ = {
			isa = PBXNativeTarget;
			buildConfigurationList = 8466F42C276DCE9E004F651E /* Build configuration list for PBXNativeTarget "kmem_xepg" */;
			buildPhases = (
				8466F421276DCE9E004F651E /* Sources */,
				8466F422276DCE9E004F651E /* Frameworks */,
				8466F423276DCE9E004F651E /* CopyFiles */,
			);
			buildRules = (
			);
			dependencies = (
			);
			name = kmem_xepg;
			productName = kmem_xepg;
			productReference = 8466F425276DCE9E004F651E /* kmem_xepg */;
			productType = "com.apple.product-type.tool";
		};
/* End PBXNativeTarget section */

/* Begin PBXProject section */
		8466F41D276DCE9E004F651E /* Project object */ = {
			isa = PBXProject;
			attributes = {
				BuildIndependentTargetsInParallel = 1;
				LastUpgradeCheck = 1310;
				TargetAttributes = {
					8466F424276DCE9E004F651E = {
						CreatedOnToolsVersion = 13.1;
					};
				};
			};
			buildConfigurationList = 8466F420276DCE9E004F651E /* Build configuration list for PBXProject "kmem_xepg" */;
			compatibilityVersion = "Xcode 13.0";
			developmentRegion = en;
			hasScannedForEncodings = 0;
			knownRegions = (
				en,
				Base,
			);
			mainGroup = 8466F41C276DCE9E004F651E;
			productRefGroup = 8466F426276DCE9E004F651E /* Products */;
			projectDirPath = "";
			projectRoot = "";
			targets = (
				8466F424276DCE9E004F651E /* kmem_xepg */,
			);
		};
/* End PBXProject section */

/* Begin PBXSourcesBuildPhase section */
		8466F421276DCE9E004F651E /* Sources */ = {
			isa = PBXSourcesBuildPhase;
			buildActionMask = 2147483647;
			files = (
				84E8ED212780D49D001DCB32 /* kmem_smbiod.c in Sources */,
				84356664277F87B600707814 /* smbiod_rw.c in Sources */,
				84F269C12771C2AD008C285E /* allocator_rw.c in Sources */,
				84EDAAC62779B8BC005A0ED7 /* zkext_prime_util.c in Sources */,
				845913A7276F859F00F15CBA /* nic_allocator.c in Sources */,
				8466F429276DCE9E004F651E /* main.c in Sources */,
				84EB7CED277AEFE10083D06C /* zkext_alloc_small.c in Sources */,
				8428F027277E39220087ED81 /* allocator_prpw.c in Sources */,
				84E558F62779938700ED4BE8 /* zkext_reserve_va.c in Sources */,
				84E8BC4F27722B70004E9C29 /* allocator_nic_parallel.c in Sources */,
				84E77E9E2771A4790085EDC2 /* zkext_neighbor_reader.c in Sources */,
				845913A5276F859800F15CBA /* client.c in Sources */,
				845913A4276F857E00F15CBA /* ssn_allocator.c in Sources */,
				84079CAA2770687400C4B188 /* saddr_allocator.c in Sources */,
				84E77EA12771B1630085EDC2 /* zkext_free.c in Sources */,
			);
			runOnlyForDeploymentPostprocessing = 0;
		};
/* End PBXSourcesBuildPhase section */

/* Begin XCBuildConfiguration section */
		8466F42A276DCE9E004F651E /* Debug */ = {
			isa = XCBuildConfiguration;
			buildSettings = {
				ALWAYS_SEARCH_USER_PATHS = NO;
				CLANG_ANALYZER_NONNULL = YES;
				CLANG_ANALYZER_NUMBER_OBJECT_CONVERSION = YES_AGGRESSIVE;
				CLANG_CXX_LANGUAGE_STANDARD = "gnu++17";
				CLANG_CXX_LIBRARY = "libc++";
				CLANG_ENABLE_MODULES = YES;
				CLANG_ENABLE_OBJC_ARC = YES;
				CLANG_ENABLE_OBJC_WEAK = YES;
				CLANG_WARN_BLOCK_CAPTURE_AUTORELEASING = YES;
				CLANG_WARN_BOOL_CONVERSION = YES;
				CLANG_WARN_COMMA = YES;
				CLANG_WARN_CONSTANT_CONVERSION = YES;
				CLANG_WARN_DEPRECATED_OBJC_IMPLEMENTATIONS = YES;
				CLANG_WARN_DIRECT_OBJC_ISA_USAGE = YES_ERROR;
				CLANG_WARN_DOCUMENTATION_COMMENTS = YES;
				CLANG_WARN_EMPTY_BODY = YES;
				CLANG_WARN_ENUM_CONVERSION = YES;
				CLANG_WARN_INFINITE_RECURSION = YES;
				CLANG_WARN_INT_CONVERSION = YES;
				CLANG_WARN_NON_LITERAL_NULL_CONVERSION = YES;
				CLANG_WARN_OBJC_IMPLICIT_RETAIN_SELF = YES;
				CLANG_WARN_OBJC_LITERAL_CONVERSION = YES;
				CLANG_WARN_OBJC_ROOT_CLASS = YES_ERROR;
				CLANG_WARN_QUOTED_INCLUDE_IN_FRAMEWORK_HEADER = YES;
				CLANG_WARN_RANGE_LOOP_ANALYSIS = YES;
				CLANG_WARN_STRICT_PROTOTYPES = YES;
				CLANG_WARN_SUSPICIOUS_MOVE = YES;
				CLANG_WARN_UNGUARDED_AVAILABILITY = YES_AGGRESSIVE;
				CLANG_WARN_UNREACHABLE_CODE = YES;
				CLANG_WARN__DUPLICATE_METHOD_MATCH = YES;
				COPY_PHASE_STRIP = NO;
				DEBUG_INFORMATION_FORMAT = dwarf;
				ENABLE_STRICT_OBJC_MSGSEND = YES;
				ENABLE_TESTABILITY = YES;
				GCC_C_LANGUAGE_STANDARD = gnu11;
				GCC_DYNAMIC_NO_PIC = NO;
				GCC_NO_COMMON_BLOCKS = YES;
				GCC_OPTIMIZATION_LEVEL = 0;
				GCC_PREPROCESSOR_DEFINITIONS = (
					"DEBUG=1",
					"$(inherited)",
				);
				GCC_WARN_64_TO_32_BIT_CONVERSION = YES;
				GCC_WARN_ABOUT_RETURN_TYPE = YES_ERROR;
				GCC_WARN_UNDECLARED_SELECTOR = YES;
				GCC_WARN_UNINITIALIZED_AUTOS = YES_AGGRESSIVE;
				GCC_WARN_UNUSED_FUNCTION = YES;
				GCC_WARN_UNUSED_VARIABLE = YES;
				MACOSX_DEPLOYMENT_TARGET = 12.0;
				MTL_ENABLE_DEBUG_INFO = INCLUDE_SOURCE;
				MTL_FAST_MATH = YES;
				ONLY_ACTIVE_ARCH = YES;
				SDKROOT = macosx;
			};
			name = Debug;
		};
		8466F42B276DCE9E004F651E /* Release */ = {
			isa = XCBuildConfiguration;
			buildSettings = {
				ALWAYS_SEARCH_USER_PATHS = NO;
				CLANG_ANALYZER_NONNULL = YES;
				CLANG_ANALYZER_NUMBER_OBJECT_CONVERSION = YES_AGGRESSIVE;
				CLANG_CXX_LANGUAGE_STANDARD = "gnu++17";
				CLANG_CXX_LIBRARY = "libc++";
				CLANG_ENABLE_MODULES = YES;
				CLANG_ENABLE_OBJC_ARC = YES;
				CLANG_ENABLE_OBJC_WEAK = YES;
				CLANG_WARN_BLOCK_CAPTURE_AUTORELEASING = YES;
				CLANG_WARN_BOOL_CONVERSION = YES;
				CLANG_WARN_COMMA = YES;
				CLANG_WARN_CONSTANT_CONVERSION = YES;
				CLANG_WARN_DEPRECATED_OBJC_IMPLEMENTATIONS = YES;
				CLANG_WARN_DIRECT_OBJC_ISA_USAGE = YES_ERROR;
				CLANG_WARN_DOCUMENTATION_COMMENTS = YES;
				CLANG_WARN_EMPTY_BODY = YES;
				CLANG_WARN_ENUM_CONVERSION = YES;
				CLANG_WARN_INFINITE_RECURSION = YES;
				CLANG_WARN_INT_CONVERSION = YES;
				CLANG_WARN_NON_LITERAL_NULL_CONVERSION = YES;
				CLANG_WARN_OBJC_IMPLICIT_RETAIN_SELF = YES;
				CLANG_WARN_OBJC_LITERAL_CONVERSION = YES;
				CLANG_WARN_OBJC_ROOT_CLASS = YES_ERROR;
				CLANG_WARN_QUOTED_INCLUDE_IN_FRAMEWORK_HEADER = YES;
				CLANG_WARN_RANGE_LOOP_ANALYSIS = YES;
				CLANG_WARN_STRICT_PROTOTYPES = YES;
				CLANG_WARN_SUSPICIOUS_MOVE = YES;
				CLANG_WARN_UNGUARDED_AVAILABILITY = YES_AGGRESSIVE;
				CLANG_WARN_UNREACHABLE_CODE = YES;
				CLANG_WARN__DUPLICATE_METHOD_MATCH = YES;
				COPY_PHASE_STRIP = NO;
				DEBUG_INFORMATION_FORMAT = "dwarf-with-dsym";
				ENABLE_NS_ASSERTIONS = NO;
				ENABLE_STRICT_OBJC_MSGSEND = YES;
				GCC_C_LANGUAGE_STANDARD = gnu11;
				GCC_NO_COMMON_BLOCKS = YES;
				GCC_WARN_64_TO_32_BIT_CONVERSION = YES;
				GCC_WARN_ABOUT_RETURN_TYPE = YES_ERROR;
				GCC_WARN_UNDECLARED_SELECTOR = YES;
				GCC_WARN_UNINITIALIZED_AUTOS = YES_AGGRESSIVE;
				GCC_WARN_UNUSED_FUNCTION = YES;
				GCC_WARN_UNUSED_VARIABLE = YES;
				MACOSX_DEPLOYMENT_TARGET = 12.0;
				MTL_ENABLE_DEBUG_INFO = NO;
				MTL_FAST_MATH = YES;
				SDKROOT = macosx;
			};
			name = Release;
		};
		8466F42D276DCE9E004F651E /* Debug */ = {
			isa = XCBuildConfiguration;
			buildSettings = {
				CODE_SIGN_STYLE = Automatic;
				HEADER_SEARCH_PATHS = (
					/usr/local/include,
					"$SOURCE_ROOT/../libxe/**",
				);
				LIBRARY_SEARCH_PATHS = /usr/local/lib;
				PRODUCT_NAME = "$(TARGET_NAME)";
			};
			name = Debug;
		};
		8466F42E276DCE9E004F651E /* Release */ = {
			isa = XCBuildConfiguration;
			buildSettings = {
				CODE_SIGN_STYLE = Automatic;
				HEADER_SEARCH_PATHS = (
					/usr/local/include,
					"$SOURCE_ROOT/../libxe/**",
				);
				LIBRARY_SEARCH_PATHS = /usr/local/lib;
				PRODUCT_NAME = "$(TARGET_NAME)";
			};
			name = Release;
		};
/* End XCBuildConfiguration section */

/* Begin XCConfigurationList section */
		8466F420276DCE9E004F651E /* Build configuration list for PBXProject "kmem_xepg" */ = {
			isa = XCConfigurationList;
			buildConfigurations = (
				8466F42A276DCE9E004F651E /* Debug */,
				8466F42B276DCE9E004F651E /* Release */,
			);
			defaultConfigurationIsVisible = 0;
			defaultConfigurationName = Release;
		};
		8466F42C276DCE9E004F651E /* Build configuration list for PBXNativeTarget "kmem_xepg" */ = {
			isa = XCConfigurationList;
			buildConfigurations = (
				8466F42D276DCE9E004F651E /* Debug */,
				8466F42E276DCE9E004F651E /* Release */,
			);
			defaultConfigurationIsVisible = 0;
			defaultConfigurationName = Release;
		};
/* End XCConfigurationList section */
	};
	rootObject = 8466F41D276DCE9E004F651E /* Project object */;
}
