// !$*UTF8*$!
{
	archiveVersion = 1;
	classes = {
	};
	objectVersion = 55;
	objects = {

/* Begin PBXBuildFile section */
		5E06142327D11C27009352EF /* entitlements.plist in CopyFiles */ = {isa = PBXBuildFile; fileRef = 5E10EF1E27D1099000025E93 /* entitlements.plist */; };
		5E44769F27D208450073AF3C /* main.c in Sources */ = {isa = PBXBuildFile; fileRef = 8448D82F27C0AF3B00234961 /* main.c */; };
		5E945FA327D1883400D9D8C0 /* libCoreEntitlements.tbd in Frameworks */ = {isa = PBXBuildFile; fileRef = 5E945FA227D1882E00D9D8C0 /* libCoreEntitlements.tbd */; };
		8448D83827C0AF5E00234961 /* libxe.a in Frameworks */ = {isa = PBXBuildFile; fileRef = 8448D83727C0AF5E00234961 /* libxe.a */; };
/* End PBXBuildFile section */

/* Begin PBXCopyFilesBuildPhase section */
		8448D82A27C0AF3B00234961 /* CopyFiles */ = {
			isa = PBXCopyFilesBuildPhase;
			buildActionMask = 12;
			dstPath = "";
			dstSubfolderSpec = 6;
			files = (
				5E06142327D11C27009352EF /* entitlements.plist in CopyFiles */,
			);
			runOnlyForDeploymentPostprocessing = 0;
		};
/* End PBXCopyFilesBuildPhase section */

/* Begin PBXFileReference section */
		5E10EF1E27D1099000025E93 /* entitlements.plist */ = {isa = PBXFileReference; lastKnownFileType = text.plist.xml; path = entitlements.plist; sourceTree = "<group>"; };
		5E4476A127D217950073AF3C /* core_entitlements.h */ = {isa = PBXFileReference; lastKnownFileType = sourcecode.c.h; path = core_entitlements.h; sourceTree = "<group>"; };
		5E4476A227D21A430073AF3C /* Kernel.framework */ = {isa = PBXFileReference; lastKnownFileType = wrapper.framework; name = Kernel.framework; path = System/Library/Frameworks/Kernel.framework; sourceTree = SDKROOT; };
		5E945FA227D1882E00D9D8C0 /* libCoreEntitlements.tbd */ = {isa = PBXFileReference; lastKnownFileType = "sourcecode.text-based-dylib-definition"; name = libCoreEntitlements.tbd; path = usr/lib/libCoreEntitlements.tbd; sourceTree = SDKROOT; };
		8448D82C27C0AF3B00234961 /* demo_entitlements */ = {isa = PBXFileReference; explicitFileType = "compiled.mach-o.executable"; includeInIndex = 0; path = demo_entitlements; sourceTree = BUILT_PRODUCTS_DIR; };
		8448D82F27C0AF3B00234961 /* main.c */ = {isa = PBXFileReference; lastKnownFileType = sourcecode.c.c; path = main.c; sourceTree = "<group>"; };
		8448D83727C0AF5E00234961 /* libxe.a */ = {isa = PBXFileReference; explicitFileType = archive.ar; path = libxe.a; sourceTree = BUILT_PRODUCTS_DIR; };
/* End PBXFileReference section */

/* Begin PBXFrameworksBuildPhase section */
		8448D82927C0AF3B00234961 /* Frameworks */ = {
			isa = PBXFrameworksBuildPhase;
			buildActionMask = 2147483647;
			files = (
				8448D83827C0AF5E00234961 /* libxe.a in Frameworks */,
				5E945FA327D1883400D9D8C0 /* libCoreEntitlements.tbd in Frameworks */,
			);
			runOnlyForDeploymentPostprocessing = 0;
		};
/* End PBXFrameworksBuildPhase section */

/* Begin PBXGroup section */
		8448D82327C0AF3B00234961 = {
			isa = PBXGroup;
			children = (
				8448D82E27C0AF3B00234961 /* demo_entitlements */,
				8448D82D27C0AF3B00234961 /* Products */,
				8448D83627C0AF5E00234961 /* Frameworks */,
			);
			sourceTree = "<group>";
		};
		8448D82D27C0AF3B00234961 /* Products */ = {
			isa = PBXGroup;
			children = (
				8448D82C27C0AF3B00234961 /* demo_entitlements */,
			);
			name = Products;
			sourceTree = "<group>";
		};
		8448D82E27C0AF3B00234961 /* demo_entitlements */ = {
			isa = PBXGroup;
			children = (
				8448D82F27C0AF3B00234961 /* main.c */,
				5E4476A127D217950073AF3C /* core_entitlements.h */,
				5E10EF1E27D1099000025E93 /* entitlements.plist */,
			);
			path = demo_entitlements;
			sourceTree = "<group>";
		};
		8448D83627C0AF5E00234961 /* Frameworks */ = {
			isa = PBXGroup;
			children = (
				5E4476A227D21A430073AF3C /* Kernel.framework */,
				5E945FA227D1882E00D9D8C0 /* libCoreEntitlements.tbd */,
				8448D83727C0AF5E00234961 /* libxe.a */,
			);
			name = Frameworks;
			sourceTree = "<group>";
		};
/* End PBXGroup section */

/* Begin PBXNativeTarget section */
		8448D82B27C0AF3B00234961 /* demo_entitlements */ = {
			isa = PBXNativeTarget;
			buildConfigurationList = 8448D83327C0AF3B00234961 /* Build configuration list for PBXNativeTarget "demo_entitlements" */;
			buildPhases = (
				8448D82827C0AF3B00234961 /* Sources */,
				8448D82927C0AF3B00234961 /* Frameworks */,
				8448D82A27C0AF3B00234961 /* CopyFiles */,
			);
			buildRules = (
			);
			dependencies = (
			);
			name = demo_entitlements;
			productName = demo_entitlements;
			productReference = 8448D82C27C0AF3B00234961 /* demo_entitlements */;
			productType = "com.apple.product-type.tool";
		};
/* End PBXNativeTarget section */

/* Begin PBXProject section */
		8448D82427C0AF3B00234961 /* Project object */ = {
			isa = PBXProject;
			attributes = {
				BuildIndependentTargetsInParallel = 1;
				LastUpgradeCheck = 1320;
				TargetAttributes = {
					8448D82B27C0AF3B00234961 = {
						CreatedOnToolsVersion = 13.2.1;
					};
				};
			};
			buildConfigurationList = 8448D82727C0AF3B00234961 /* Build configuration list for PBXProject "demo_entitlements" */;
			compatibilityVersion = "Xcode 13.0";
			developmentRegion = en;
			hasScannedForEncodings = 0;
			knownRegions = (
				en,
				Base,
			);
			mainGroup = 8448D82327C0AF3B00234961;
			productRefGroup = 8448D82D27C0AF3B00234961 /* Products */;
			projectDirPath = "";
			projectRoot = "";
			targets = (
				8448D82B27C0AF3B00234961 /* demo_entitlements */,
			);
		};
/* End PBXProject section */

/* Begin PBXSourcesBuildPhase section */
		8448D82827C0AF3B00234961 /* Sources */ = {
			isa = PBXSourcesBuildPhase;
			buildActionMask = 2147483647;
			files = (
				5E44769F27D208450073AF3C /* main.c in Sources */,
			);
			runOnlyForDeploymentPostprocessing = 0;
		};
/* End PBXSourcesBuildPhase section */

/* Begin XCBuildConfiguration section */
		8448D83127C0AF3B00234961 /* Debug */ = {
			isa = XCBuildConfiguration;
			buildSettings = {
				ALWAYS_SEARCH_USER_PATHS = NO;
				CLANG_ANALYZER_NONNULL = YES;
				CLANG_ANALYZER_NUMBER_OBJECT_CONVERSION = YES_AGGRESSIVE;
				CLANG_CXX_LANGUAGE_STANDARD = "gnu++17";
				CLANG_CXX_LIBRARY = "libc++";
				CLANG_ENABLE_MODULES = YES;
				CLANG_ENABLE_OBJC_ARC = YES;
				CLANG_ENABLE_OBJC_WEAK = YES;
				CLANG_WARN_BLOCK_CAPTURE_AUTORELEASING = YES;
				CLANG_WARN_BOOL_CONVERSION = YES;
				CLANG_WARN_COMMA = YES;
				CLANG_WARN_CONSTANT_CONVERSION = YES;
				CLANG_WARN_DEPRECATED_OBJC_IMPLEMENTATIONS = YES;
				CLANG_WARN_DIRECT_OBJC_ISA_USAGE = YES_ERROR;
				CLANG_WARN_DOCUMENTATION_COMMENTS = YES;
				CLANG_WARN_EMPTY_BODY = YES;
				CLANG_WARN_ENUM_CONVERSION = YES;
				CLANG_WARN_INFINITE_RECURSION = YES;
				CLANG_WARN_INT_CONVERSION = YES;
				CLANG_WARN_NON_LITERAL_NULL_CONVERSION = YES;
				CLANG_WARN_OBJC_IMPLICIT_RETAIN_SELF = YES;
				CLANG_WARN_OBJC_LITERAL_CONVERSION = YES;
				CLANG_WARN_OBJC_ROOT_CLASS = YES_ERROR;
				CLANG_WARN_QUOTED_INCLUDE_IN_FRAMEWORK_HEADER = YES;
				CLANG_WARN_RANGE_LOOP_ANALYSIS = YES;
				CLANG_WARN_STRICT_PROTOTYPES = YES;
				CLANG_WARN_SUSPICIOUS_MOVE = YES;
				CLANG_WARN_UNGUARDED_AVAILABILITY = YES_AGGRESSIVE;
				CLANG_WARN_UNREACHABLE_CODE = YES;
				CLANG_WARN__DUPLICATE_METHOD_MATCH = YES;
				COPY_PHASE_STRIP = NO;
				DEBUG_INFORMATION_FORMAT = dwarf;
				ENABLE_STRICT_OBJC_MSGSEND = YES;
				ENABLE_TESTABILITY = YES;
				GCC_C_LANGUAGE_STANDARD = gnu11;
				GCC_DYNAMIC_NO_PIC = NO;
				GCC_NO_COMMON_BLOCKS = YES;
				GCC_OPTIMIZATION_LEVEL = 0;
				GCC_PREPROCESSOR_DEFINITIONS = (
					"DEBUG=1",
					"$(inherited)",
				);
				GCC_WARN_64_TO_32_BIT_CONVERSION = YES;
				GCC_WARN_ABOUT_RETURN_TYPE = YES_ERROR;
				GCC_WARN_UNDECLARED_SELECTOR = YES;
				GCC_WARN_UNINITIALIZED_AUTOS = YES_AGGRESSIVE;
				GCC_WARN_UNUSED_FUNCTION = YES;
				GCC_WARN_UNUSED_VARIABLE = YES;
				MACOSX_DEPLOYMENT_TARGET = 12.1;
				MTL_ENABLE_DEBUG_INFO = INCLUDE_SOURCE;
				MTL_FAST_MATH = YES;
				ONLY_ACTIVE_ARCH = YES;
				SDKROOT = macosx;
			};
			name = Debug;
		};
		8448D83227C0AF3B00234961 /* Release */ = {
			isa = XCBuildConfiguration;
			buildSettings = {
				ALWAYS_SEARCH_USER_PATHS = NO;
				CLANG_ANALYZER_NONNULL = YES;
				CLANG_ANALYZER_NUMBER_OBJECT_CONVERSION = YES_AGGRESSIVE;
				CLANG_CXX_LANGUAGE_STANDARD = "gnu++17";
				CLANG_CXX_LIBRARY = "libc++";
				CLANG_ENABLE_MODULES = YES;
				CLANG_ENABLE_OBJC_ARC = YES;
				CLANG_ENABLE_OBJC_WEAK = YES;
				CLANG_WARN_BLOCK_CAPTURE_AUTORELEASING = YES;
				CLANG_WARN_BOOL_CONVERSION = YES;
				CLANG_WARN_COMMA = YES;
				CLANG_WARN_CONSTANT_CONVERSION = YES;
				CLANG_WARN_DEPRECATED_OBJC_IMPLEMENTATIONS = YES;
				CLANG_WARN_DIRECT_OBJC_ISA_USAGE = YES_ERROR;
				CLANG_WARN_DOCUMENTATION_COMMENTS = YES;
				CLANG_WARN_EMPTY_BODY = YES;
				CLANG_WARN_ENUM_CONVERSION = YES;
				CLANG_WARN_INFINITE_RECURSION = YES;
				CLANG_WARN_INT_CONVERSION = YES;
				CLANG_WARN_NON_LITERAL_NULL_CONVERSION = YES;
				CLANG_WARN_OBJC_IMPLICIT_RETAIN_SELF = YES;
				CLANG_WARN_OBJC_LITERAL_CONVERSION = YES;
				CLANG_WARN_OBJC_ROOT_CLASS = YES_ERROR;
				CLANG_WARN_QUOTED_INCLUDE_IN_FRAMEWORK_HEADER = YES;
				CLANG_WARN_RANGE_LOOP_ANALYSIS = YES;
				CLANG_WARN_STRICT_PROTOTYPES = YES;
				CLANG_WARN_SUSPICIOUS_MOVE = YES;
				CLANG_WARN_UNGUARDED_AVAILABILITY = YES_AGGRESSIVE;
				CLANG_WARN_UNREACHABLE_CODE = YES;
				CLANG_WARN__DUPLICATE_METHOD_MATCH = YES;
				COPY_PHASE_STRIP = NO;
				DEBUG_INFORMATION_FORMAT = "dwarf-with-dsym";
				ENABLE_NS_ASSERTIONS = NO;
				ENABLE_STRICT_OBJC_MSGSEND = YES;
				GCC_C_LANGUAGE_STANDARD = gnu11;
				GCC_NO_COMMON_BLOCKS = YES;
				GCC_WARN_64_TO_32_BIT_CONVERSION = YES;
				GCC_WARN_ABOUT_RETURN_TYPE = YES_ERROR;
				GCC_WARN_UNDECLARED_SELECTOR = YES;
				GCC_WARN_UNINITIALIZED_AUTOS = YES_AGGRESSIVE;
				GCC_WARN_UNUSED_FUNCTION = YES;
				GCC_WARN_UNUSED_VARIABLE = YES;
				MACOSX_DEPLOYMENT_TARGET = 12.1;
				MTL_ENABLE_DEBUG_INFO = NO;
				MTL_FAST_MATH = YES;
				SDKROOT = macosx;
			};
			name = Release;
		};
		8448D83427C0AF3B00234961 /* Debug */ = {
			isa = XCBuildConfiguration;
			buildSettings = {
				CODE_SIGN_STYLE = Automatic;
				ENABLE_HARDENED_RUNTIME = YES;
				HEADER_SEARCH_PATHS = (
					$SOURCE_ROOT/../external,
					$SOURCE_ROOT/../libxe/public,
				);
				INSTALL_PATH = /;
				PRODUCT_NAME = "$(TARGET_NAME)";
			};
			name = Debug;
		};
		8448D83527C0AF3B00234961 /* Release */ = {
			isa = XCBuildConfiguration;
			buildSettings = {
				CODE_SIGN_STYLE = Automatic;
				ENABLE_HARDENED_RUNTIME = YES;
				HEADER_SEARCH_PATHS = (
					$SOURCE_ROOT/../external,
					$SOURCE_ROOT/../libxe/public,
				);
				INSTALL_PATH = /;
				PRODUCT_NAME = "$(TARGET_NAME)";
			};
			name = Release;
		};
/* End XCBuildConfiguration section */

/* Begin XCConfigurationList section */
		8448D82727C0AF3B00234961 /* Build configuration list for PBXProject "demo_entitlements" */ = {
			isa = XCConfigurationList;
			buildConfigurations = (
				8448D83127C0AF3B00234961 /* Debug */,
				8448D83227C0AF3B00234961 /* Release */,
			);
			defaultConfigurationIsVisible = 0;
			defaultConfigurationName = Release;
		};
		8448D83327C0AF3B00234961 /* Build configuration list for PBXNativeTarget "demo_entitlements" */ = {
			isa = XCConfigurationList;
			buildConfigurations = (
				8448D83427C0AF3B00234961 /* Debug */,
				8448D83527C0AF3B00234961 /* Release */,
			);
			defaultConfigurationIsVisible = 0;
			defaultConfigurationName = Release;
		};
/* End XCConfigurationList section */
	};
	rootObject = 8448D82427C0AF3B00234961 /* Project object */;
}
